
Microsoft Visual Studio Solution File, Format Version 12.00
# Visual Studio 14
VisualStudioVersion = 14.0.25420.1
MinimumVisualStudioVersion = 10.0.40219.1
Project("{8BC9CEB8-8B4A-11D0-8D11-00A0C91BC942}") = "CluTec.Viz.Base", "CluTec.Viz.8.0\CluTec.Viz.Base\CluTec.Viz.Base.vcxproj", "{47871CA9-DE7D-4BDE-9A28-4495C425BC57}"
	ProjectSection(ProjectDependencies) = postProject
		{2577E892-A40E-4E9C-831E-34195963AD06} = {2577E892-A40E-4E9C-831E-34195963AD06}
		{277B54FA-05B7-44F6-ACB3-3CE2D6C8CDA8} = {277B54FA-05B7-44F6-ACB3-3CE2D6C8CDA8}
	EndProjectSection
EndProject
Project("{2150E333-8FDC-42A3-9474-1A3956D46DE8}") = "20 Base Static Libs", "20 Base Static Libs", "{F21DA79E-0401-40B9-9DCC-539BBDD1951E}"
EndProject
Project("{8BC9CEB8-8B4A-11D0-8D11-00A0C91BC942}") = "CluTec.Viz.GA.Base", "CluTec.Viz.8.0\CluTec.Viz.GA.Base\CluTec.Viz.GA.Base.vcxproj", "{A238B177-62A9-412D-B44C-66A3E83C2CBF}"
	ProjectSection(ProjectDependencies) = postProject
		{47871CA9-DE7D-4BDE-9A28-4495C425BC57} = {47871CA9-DE7D-4BDE-9A28-4495C425BC57}
	EndProjectSection
EndProject
Project("{2150E333-8FDC-42A3-9474-1A3956D46DE8}") = "30 Base Dlls", "30 Base Dlls", "{3AE42250-46E6-4E33-A58B-52DC9D337E47}"
EndProject
Project("{8BC9CEB8-8B4A-11D0-8D11-00A0C91BC942}") = "CluTec.Viz.GA.rtl", "CluTec.Viz.8.0\CluTec.Viz.GA\CluTec.Viz.GA.Rtl.vcxproj", "{D2316505-D74C-4A74-B72C-C28E1A3F5312}"
	ProjectSection(ProjectDependencies) = postProject
		{A238B177-62A9-412D-B44C-66A3E83C2CBF} = {A238B177-62A9-412D-B44C-66A3E83C2CBF}
		{47871CA9-DE7D-4BDE-9A28-4495C425BC57} = {47871CA9-DE7D-4BDE-9A28-4495C425BC57}
	EndProjectSection
EndProject
Project("{8BC9CEB8-8B4A-11D0-8D11-00A0C91BC942}") = "CluTec.Viz.ImgRepo.rtl", "CluTec.Viz.8.0\CluTec.Viz.ImgRepo\CluTec.Viz.ImgRepo.Rtl.vcxproj", "{C4320F87-8FDE-41E3-BB96-FF4A437D0F86}"
EndProject
Project("{8BC9CEB8-8B4A-11D0-8D11-00A0C91BC942}") = "CluTec.Viz.OpenGL.Extensions.rtl", "CluTec.Viz.8.0\CluTec.Viz.OpenGL.Extensions\CluTec.Viz.OpenGL.Extensions.Rtl.vcxproj", "{5C8187F4-E94D-48DC-B91B-EC3589E5F59E}"
EndProject
Project("{8BC9CEB8-8B4A-11D0-8D11-00A0C91BC942}") = "CluTec.Viz.Fltk.rtl", "CluTec.Viz.8.0\CluTec.Viz.Fltk\CluTec.Viz.Fltk.Rtl.vcxproj", "{DA147196-507C-4491-A598-7D87AA5F7ABC}"
EndProject
Project("{8BC9CEB8-8B4A-11D0-8D11-00A0C91BC942}") = "CluTec.Viz.Draw", "CluTec.Viz.8.0\CluTec.Viz.Draw\CluTec.Viz.Draw.vcxproj", "{DB044828-EB7B-440A-BDBC-194709C08F6E}"
	ProjectSection(ProjectDependencies) = postProject
		{2FD0FF00-3E60-4837-8E68-2981A77A091B} = {2FD0FF00-3E60-4837-8E68-2981A77A091B}
		{D2316505-D74C-4A74-B72C-C28E1A3F5312} = {D2316505-D74C-4A74-B72C-C28E1A3F5312}
		{4E825A44-AF4E-404C-A363-3FF7071EDBA8} = {4E825A44-AF4E-404C-A363-3FF7071EDBA8}
		{F51D2160-38EB-499B-816B-BCDD0D6AAF0B} = {F51D2160-38EB-499B-816B-BCDD0D6AAF0B}
		{5BAB4B68-8003-4645-A3EA-146C5F01CCFB} = {5BAB4B68-8003-4645-A3EA-146C5F01CCFB}
		{C4320F87-8FDE-41E3-BB96-FF4A437D0F86} = {C4320F87-8FDE-41E3-BB96-FF4A437D0F86}
		{DA147196-507C-4491-A598-7D87AA5F7ABC} = {DA147196-507C-4491-A598-7D87AA5F7ABC}
		{47871CA9-DE7D-4BDE-9A28-4495C425BC57} = {47871CA9-DE7D-4BDE-9A28-4495C425BC57}
		{5C8187F4-E94D-48DC-B91B-EC3589E5F59E} = {5C8187F4-E94D-48DC-B91B-EC3589E5F59E}
		{277B54FA-05B7-44F6-ACB3-3CE2D6C8CDA8} = {277B54FA-05B7-44F6-ACB3-3CE2D6C8CDA8}
	EndProjectSection
EndProject
Project("{2150E333-8FDC-42A3-9474-1A3956D46DE8}") = "10 CluTec.Core", "10 CluTec.Core", "{A16F75CD-8BF9-4E63-B694-D59D5EE2CA3B}"
EndProject
Project("{8BC9CEB8-8B4A-11D0-8D11-00A0C91BC942}") = "CluTec.Base", "CluTec.Core.2.0\CluTec.Base\CluTec.Base.vcxproj", "{277B54FA-05B7-44F6-ACB3-3CE2D6C8CDA8}"
	ProjectSection(ProjectDependencies) = postProject
		{5BAB4B68-8003-4645-A3EA-146C5F01CCFB} = {5BAB4B68-8003-4645-A3EA-146C5F01CCFB}
	EndProjectSection
EndProject
Project("{8BC9CEB8-8B4A-11D0-8D11-00A0C91BC942}") = "CluTec.System", "CluTec.Core.2.0\CluTec.System\CluTec.System.vcxproj", "{2577E892-A40E-4E9C-831E-34195963AD06}"
	ProjectSection(ProjectDependencies) = postProject
		{5BAB4B68-8003-4645-A3EA-146C5F01CCFB} = {5BAB4B68-8003-4645-A3EA-146C5F01CCFB}
		{277B54FA-05B7-44F6-ACB3-3CE2D6C8CDA8} = {277B54FA-05B7-44F6-ACB3-3CE2D6C8CDA8}
	EndProjectSection
EndProject
Project("{2150E333-8FDC-42A3-9474-1A3956D46DE8}") = "90 UnitTests", "90 UnitTests", "{3E8AF5E3-B74A-42DF-8BE9-5CEA8DE5BB0C}"
EndProject
Project("{8BC9CEB8-8B4A-11D0-8D11-00A0C91BC942}") = "CluTec.Base.Test", "CluTec.Core.2.0\CluTec.Base.Test\CluTec.Base.Test.vcxproj", "{FBB51C49-01FF-43C6-8E8C-B1CCACA35CA9}"
	ProjectSection(ProjectDependencies) = postProject
		{277B54FA-05B7-44F6-ACB3-3CE2D6C8CDA8} = {277B54FA-05B7-44F6-ACB3-3CE2D6C8CDA8}
	EndProjectSection
EndProject
Project("{8BC9CEB8-8B4A-11D0-8D11-00A0C91BC942}") = "CluTec.System.Test", "CluTec.Core.2.0\CluTec.System.Test\CluTec.System.Test.vcxproj", "{4ED06C91-E604-4D2A-9E5C-91AF4F3E7A1F}"
	ProjectSection(ProjectDependencies) = postProject
		{2577E892-A40E-4E9C-831E-34195963AD06} = {2577E892-A40E-4E9C-831E-34195963AD06}
	EndProjectSection
EndProject
Project("{2150E333-8FDC-42A3-9474-1A3956D46DE8}") = "40 Static Libs", "40 Static Libs", "{D55D199D-453C-44BE-B1FD-EBDA44FE3F4E}"
EndProject
Project("{8BC9CEB8-8B4A-11D0-8D11-00A0C91BC942}") = "CluTec.Math", "CluTec.Core.2.0\CluTec.Math\CluTec.Math.vcxproj", "{F51D2160-38EB-499B-816B-BCDD0D6AAF0B}"
	ProjectSection(ProjectDependencies) = postProject
		{5BAB4B68-8003-4645-A3EA-146C5F01CCFB} = {5BAB4B68-8003-4645-A3EA-146C5F01CCFB}
		{277B54FA-05B7-44F6-ACB3-3CE2D6C8CDA8} = {277B54FA-05B7-44F6-ACB3-3CE2D6C8CDA8}
	EndProjectSection
EndProject
Project("{8BC9CEB8-8B4A-11D0-8D11-00A0C91BC942}") = "CluTec.Math.Test", "CluTec.Core.2.0\CluTec.Math.Test\CluTec.Math.Test.vcxproj", "{913934A5-0A7D-4EAF-8027-7A5127F63C11}"
	ProjectSection(ProjectDependencies) = postProject
		{F51D2160-38EB-499B-816B-BCDD0D6AAF0B} = {F51D2160-38EB-499B-816B-BCDD0D6AAF0B}
		{5BAB4B68-8003-4645-A3EA-146C5F01CCFB} = {5BAB4B68-8003-4645-A3EA-146C5F01CCFB}
	EndProjectSection
EndProject
Project("{8BC9CEB8-8B4A-11D0-8D11-00A0C91BC942}") = "CluTec.Viz.OpenGL", "CluTec.Viz.8.0\CluTec.Viz.OpenGL\CluTec.Viz.OpenGL.vcxproj", "{4E825A44-AF4E-404C-A363-3FF7071EDBA8}"
	ProjectSection(ProjectDependencies) = postProject
		{5BAB4B68-8003-4645-A3EA-146C5F01CCFB} = {5BAB4B68-8003-4645-A3EA-146C5F01CCFB}
		{5C8187F4-E94D-48DC-B91B-EC3589E5F59E} = {5C8187F4-E94D-48DC-B91B-EC3589E5F59E}
		{277B54FA-05B7-44F6-ACB3-3CE2D6C8CDA8} = {277B54FA-05B7-44F6-ACB3-3CE2D6C8CDA8}
	EndProjectSection
EndProject
Project("{8BC9CEB8-8B4A-11D0-8D11-00A0C91BC942}") = "CluTec.Viz.Xml", "CluTec.Viz.8.0\CluTec.Viz.Xml\CluTec.Viz.Xml.vcxproj", "{2FD0FF00-3E60-4837-8E68-2981A77A091B}"
	ProjectSection(ProjectDependencies) = postProject
		{47871CA9-DE7D-4BDE-9A28-4495C425BC57} = {47871CA9-DE7D-4BDE-9A28-4495C425BC57}
	EndProjectSection
EndProject
Project("{8BC9CEB8-8B4A-11D0-8D11-00A0C91BC942}") = "CluTec.Viz.Parse", "CluTec.Viz.8.0\CluTec.Viz.Parse\CluTec.Viz.Parse.vcxproj", "{935151D5-F91A-4B9A-8B3A-B147D6D5B506}"
	ProjectSection(ProjectDependencies) = postProject
		{2FD0FF00-3E60-4837-8E68-2981A77A091B} = {2FD0FF00-3E60-4837-8E68-2981A77A091B}
		{D2316505-D74C-4A74-B72C-C28E1A3F5312} = {D2316505-D74C-4A74-B72C-C28E1A3F5312}
		{DB044828-EB7B-440A-BDBC-194709C08F6E} = {DB044828-EB7B-440A-BDBC-194709C08F6E}
		{4E825A44-AF4E-404C-A363-3FF7071EDBA8} = {4E825A44-AF4E-404C-A363-3FF7071EDBA8}
		{A238B177-62A9-412D-B44C-66A3E83C2CBF} = {A238B177-62A9-412D-B44C-66A3E83C2CBF}
		{2577E892-A40E-4E9C-831E-34195963AD06} = {2577E892-A40E-4E9C-831E-34195963AD06}
		{DA147196-507C-4491-A598-7D87AA5F7ABC} = {DA147196-507C-4491-A598-7D87AA5F7ABC}
		{47871CA9-DE7D-4BDE-9A28-4495C425BC57} = {47871CA9-DE7D-4BDE-9A28-4495C425BC57}
		{5C8187F4-E94D-48DC-B91B-EC3589E5F59E} = {5C8187F4-E94D-48DC-B91B-EC3589E5F59E}
		{277B54FA-05B7-44F6-ACB3-3CE2D6C8CDA8} = {277B54FA-05B7-44F6-ACB3-3CE2D6C8CDA8}
	EndProjectSection
EndProject
Project("{2150E333-8FDC-42A3-9474-1A3956D46DE8}") = "50 Plugins", "50 Plugins", "{B131C319-6F96-449D-85D0-BEEF9C5DF2A8}"
EndProject
Project("{8BC9CEB8-8B4A-11D0-8D11-00A0C91BC942}") = "CluViz.Plugin.StdLib.rtl", "CluTec.Viz.8.0\CluViz.Plugin.StdLib\CluViz.Plugin.StdLib.Rtl.vcxproj", "{A9AE9751-365B-449A-912D-8CD7E7874569}"
	ProjectSection(ProjectDependencies) = postProject
		{2FD0FF00-3E60-4837-8E68-2981A77A091B} = {2FD0FF00-3E60-4837-8E68-2981A77A091B}
		{D2316505-D74C-4A74-B72C-C28E1A3F5312} = {D2316505-D74C-4A74-B72C-C28E1A3F5312}
		{DB044828-EB7B-440A-BDBC-194709C08F6E} = {DB044828-EB7B-440A-BDBC-194709C08F6E}
		{4E825A44-AF4E-404C-A363-3FF7071EDBA8} = {4E825A44-AF4E-404C-A363-3FF7071EDBA8}
		{DA147196-507C-4491-A598-7D87AA5F7ABC} = {DA147196-507C-4491-A598-7D87AA5F7ABC}
		{47871CA9-DE7D-4BDE-9A28-4495C425BC57} = {47871CA9-DE7D-4BDE-9A28-4495C425BC57}
		{935151D5-F91A-4B9A-8B3A-B147D6D5B506} = {935151D5-F91A-4B9A-8B3A-B147D6D5B506}
		{5C8187F4-E94D-48DC-B91B-EC3589E5F59E} = {5C8187F4-E94D-48DC-B91B-EC3589E5F59E}
		{277B54FA-05B7-44F6-ACB3-3CE2D6C8CDA8} = {277B54FA-05B7-44F6-ACB3-3CE2D6C8CDA8}
	EndProjectSection
EndProject
Project("{2150E333-8FDC-42A3-9474-1A3956D46DE8}") = "60 View", "60 View", "{4A4AB201-859E-4487-AB01-6F4FAA3BB9CF}"
EndProject
Project("{8BC9CEB8-8B4A-11D0-8D11-00A0C91BC942}") = "CluTec.Viz.View.rtl", "CluTec.Viz.8.0\CluTec.Viz.View\CluTec.Viz.View.Rtl.vcxproj", "{23EAA886-9C42-4B19-B402-7D84215504F7}"
	ProjectSection(ProjectDependencies) = postProject
		{D2316505-D74C-4A74-B72C-C28E1A3F5312} = {D2316505-D74C-4A74-B72C-C28E1A3F5312}
		{CECBFB16-B94D-4D62-8FCD-106C98051817} = {CECBFB16-B94D-4D62-8FCD-106C98051817}
		{DB044828-EB7B-440A-BDBC-194709C08F6E} = {DB044828-EB7B-440A-BDBC-194709C08F6E}
		{4E825A44-AF4E-404C-A363-3FF7071EDBA8} = {4E825A44-AF4E-404C-A363-3FF7071EDBA8}
		{5BAB4B68-8003-4645-A3EA-146C5F01CCFB} = {5BAB4B68-8003-4645-A3EA-146C5F01CCFB}
		{2577E892-A40E-4E9C-831E-34195963AD06} = {2577E892-A40E-4E9C-831E-34195963AD06}
		{47871CA9-DE7D-4BDE-9A28-4495C425BC57} = {47871CA9-DE7D-4BDE-9A28-4495C425BC57}
		{935151D5-F91A-4B9A-8B3A-B147D6D5B506} = {935151D5-F91A-4B9A-8B3A-B147D6D5B506}
		{5C8187F4-E94D-48DC-B91B-EC3589E5F59E} = {5C8187F4-E94D-48DC-B91B-EC3589E5F59E}
		{277B54FA-05B7-44F6-ACB3-3CE2D6C8CDA8} = {277B54FA-05B7-44F6-ACB3-3CE2D6C8CDA8}
	EndProjectSection
EndProject
Project("{8BC9CEB8-8B4A-11D0-8D11-00A0C91BC942}") = "CluTec.Viz.View.Base", "CluTec.Viz.8.0\CluTec.Viz.View.Base\CluTec.Viz.View.Base.vcxproj", "{CECBFB16-B94D-4D62-8FCD-106C98051817}"
	ProjectSection(ProjectDependencies) = postProject
		{2FD0FF00-3E60-4837-8E68-2981A77A091B} = {2FD0FF00-3E60-4837-8E68-2981A77A091B}
		{D2316505-D74C-4A74-B72C-C28E1A3F5312} = {D2316505-D74C-4A74-B72C-C28E1A3F5312}
		{30C74024-7F8D-4E93-A182-B6230ED6C233} = {30C74024-7F8D-4E93-A182-B6230ED6C233}
		{DB044828-EB7B-440A-BDBC-194709C08F6E} = {DB044828-EB7B-440A-BDBC-194709C08F6E}
		{4E825A44-AF4E-404C-A363-3FF7071EDBA8} = {4E825A44-AF4E-404C-A363-3FF7071EDBA8}
		{F51D2160-38EB-499B-816B-BCDD0D6AAF0B} = {F51D2160-38EB-499B-816B-BCDD0D6AAF0B}
		{5BAB4B68-8003-4645-A3EA-146C5F01CCFB} = {5BAB4B68-8003-4645-A3EA-146C5F01CCFB}
		{2577E892-A40E-4E9C-831E-34195963AD06} = {2577E892-A40E-4E9C-831E-34195963AD06}
		{DA147196-507C-4491-A598-7D87AA5F7ABC} = {DA147196-507C-4491-A598-7D87AA5F7ABC}
		{47871CA9-DE7D-4BDE-9A28-4495C425BC57} = {47871CA9-DE7D-4BDE-9A28-4495C425BC57}
		{935151D5-F91A-4B9A-8B3A-B147D6D5B506} = {935151D5-F91A-4B9A-8B3A-B147D6D5B506}
		{5C8187F4-E94D-48DC-B91B-EC3589E5F59E} = {5C8187F4-E94D-48DC-B91B-EC3589E5F59E}
		{277B54FA-05B7-44F6-ACB3-3CE2D6C8CDA8} = {277B54FA-05B7-44F6-ACB3-3CE2D6C8CDA8}
	EndProjectSection
EndProject
Project("{2150E333-8FDC-42A3-9474-1A3956D46DE8}") = "10 Base DLL", "10 Base DLL", "{5D7348C5-E4D3-4B47-B1D6-7904330F9FC8}"
EndProject
Project("{2150E333-8FDC-42A3-9474-1A3956D46DE8}") = "20 Static Libs", "20 Static Libs", "{18FEBA17-23AC-4B04-834E-255CBEAEEBE0}"
EndProject
Project("{8BC9CEB8-8B4A-11D0-8D11-00A0C91BC942}") = "CluTec.Viz.Net.View", "CluTec.Viz.8.0\CluTec.Viz.Net.View\CluTec.Viz.Net.View.vcxproj", "{4D732990-64B6-43CF-B1CE-0A028786F30D}"
	ProjectSection(ProjectDependencies) = postProject
		{CECBFB16-B94D-4D62-8FCD-106C98051817} = {CECBFB16-B94D-4D62-8FCD-106C98051817}
		{5BAB4B68-8003-4645-A3EA-146C5F01CCFB} = {5BAB4B68-8003-4645-A3EA-146C5F01CCFB}
		{23EAA886-9C42-4B19-B402-7D84215504F7} = {23EAA886-9C42-4B19-B402-7D84215504F7}
		{47871CA9-DE7D-4BDE-9A28-4495C425BC57} = {47871CA9-DE7D-4BDE-9A28-4495C425BC57}
		{277B54FA-05B7-44F6-ACB3-3CE2D6C8CDA8} = {277B54FA-05B7-44F6-ACB3-3CE2D6C8CDA8}
	EndProjectSection
EndProject
Project("{2150E333-8FDC-42A3-9474-1A3956D46DE8}") = "70 NET View", "70 NET View", "{5F1384D8-7E37-490E-99F2-3B75CC2E8ECE}"
EndProject
Project("{2150E333-8FDC-42A3-9474-1A3956D46DE8}") = "50 Net", "50 Net", "{1670BF69-7CA9-4115-ADE8-4AD7B8278D2C}"
EndProject
Project("{8BC9CEB8-8B4A-11D0-8D11-00A0C91BC942}") = "CluTec.Net.Base", "CluTec.Core.2.0\CluTec.Net.Base\CluTec.Net.Base.vcxproj", "{783BF9EA-043B-45FA-9506-5A4325873817}"
	ProjectSection(ProjectDependencies) = postProject
		{5BAB4B68-8003-4645-A3EA-146C5F01CCFB} = {5BAB4B68-8003-4645-A3EA-146C5F01CCFB}
	EndProjectSection
EndProject
Project("{2150E333-8FDC-42A3-9474-1A3956D46DE8}") = "90 NET App", "90 NET App", "{06926D6F-B662-413E-AE72-F8AC29C3132D}"
EndProject
Project("{FAE04EC0-301F-11D3-BF4B-00C04F79EFBC}") = "CluTec.Viz.Net.AppTest1", "CluTec.Viz.8.0\CluTec.Viz.Net.AppTest1\CluTec.Viz.Net.AppTest1.csproj", "{1216C2F3-8429-4170-8D60-760721C911B8}"
EndProject
Project("{8BC9CEB8-8B4A-11D0-8D11-00A0C91BC942}") = "CluTec.Types1.rtl", "CluTec.Core.2.0\CluTec.Types1\CluTec.Types1.rtl.vcxproj", "{5BAB4B68-8003-4645-A3EA-146C5F01CCFB}"
EndProject
Project("{8BC9CEB8-8B4A-11D0-8D11-00A0C91BC942}") = "CluTec.OpenGL", "CluTec.Core.2.0\CluTec.OpenGL\CluTec.OpenGL.vcxproj", "{30C74024-7F8D-4E93-A182-B6230ED6C233}"
	ProjectSection(ProjectDependencies) = postProject
		{5BAB4B68-8003-4645-A3EA-146C5F01CCFB} = {5BAB4B68-8003-4645-A3EA-146C5F01CCFB}
		{4DB06680-0E4E-4BCC-996E-3C6A319CE53B} = {4DB06680-0E4E-4BCC-996E-3C6A319CE53B}
		{277B54FA-05B7-44F6-ACB3-3CE2D6C8CDA8} = {277B54FA-05B7-44F6-ACB3-3CE2D6C8CDA8}
	EndProjectSection
EndProject
Project("{8BC9CEB8-8B4A-11D0-8D11-00A0C91BC942}") = "CluTec.OpenGL.Ext.rtl", "CluTec.Core.2.0\CluTec.OpenGL.Ext\CluTec.OpenGL.Ext.rtl.vcxproj", "{4DB06680-0E4E-4BCC-996E-3C6A319CE53B}"
EndProject
Project("{2150E333-8FDC-42A3-9474-1A3956D46DE8}") = "30 CluTec.Viz", "30 CluTec.Viz", "{7590998F-FD74-42EC-B248-B528D4F7A2DC}"
EndProject
Project("{2150E333-8FDC-42A3-9474-1A3956D46DE8}") = "20 CluTec.Cuda", "20 CluTec.Cuda", "{29698888-46F0-43B6-A354-63216F499A19}"
EndProject
Project("{8BC9CEB8-8B4A-11D0-8D11-00A0C91BC942}") = "CluTec.Cuda.Base", "CluTec.Cuda.2.0\CluTec.Cuda.Base\CluTec.Cuda.Base.vcxproj", "{8D640747-BEFA-48DE-B204-D2EF4FC49844}"
	ProjectSection(ProjectDependencies) = postProject
		{F51D2160-38EB-499B-816B-BCDD0D6AAF0B} = {F51D2160-38EB-499B-816B-BCDD0D6AAF0B}
		{5BAB4B68-8003-4645-A3EA-146C5F01CCFB} = {5BAB4B68-8003-4645-A3EA-146C5F01CCFB}
		{277B54FA-05B7-44F6-ACB3-3CE2D6C8CDA8} = {277B54FA-05B7-44F6-ACB3-3CE2D6C8CDA8}
	EndProjectSection
EndProject
Project("{8BC9CEB8-8B4A-11D0-8D11-00A0C91BC942}") = "CluTec.Cuda.ImgBase", "CluTec.Cuda.2.0\CluTec.Cuda.ImgBase\CluTec.Cuda.ImgBase.vcxproj", "{ACA7BE69-A03F-49A8-9B31-56F87C9D1806}"
	ProjectSection(ProjectDependencies) = postProject
		{8D640747-BEFA-48DE-B204-D2EF4FC49844} = {8D640747-BEFA-48DE-B204-D2EF4FC49844}
		{F51D2160-38EB-499B-816B-BCDD0D6AAF0B} = {F51D2160-38EB-499B-816B-BCDD0D6AAF0B}
		{5BAB4B68-8003-4645-A3EA-146C5F01CCFB} = {5BAB4B68-8003-4645-A3EA-146C5F01CCFB}
	EndProjectSection
EndProject
Project("{8BC9CEB8-8B4A-11D0-8D11-00A0C91BC942}") = "CluTec.Cuda.ImgProc", "CluTec.Cuda.2.0\CluTec.Cuda.ImgProc\CluTec.Cuda.ImgProc.vcxproj", "{BCE11266-76D9-45AE-BD70-26D5D0389E38}"
	ProjectSection(ProjectDependencies) = postProject
		{8D640747-BEFA-48DE-B204-D2EF4FC49844} = {8D640747-BEFA-48DE-B204-D2EF4FC49844}
		{F51D2160-38EB-499B-816B-BCDD0D6AAF0B} = {F51D2160-38EB-499B-816B-BCDD0D6AAF0B}
		{5BAB4B68-8003-4645-A3EA-146C5F01CCFB} = {5BAB4B68-8003-4645-A3EA-146C5F01CCFB}
	EndProjectSection
EndProject
Project("{8BC9CEB8-8B4A-11D0-8D11-00A0C91BC942}") = "CluTec.Cuda.MultiView", "CluTec.Cuda.2.0\CluTec.Cuda.MultiView\CluTec.Cuda.MultiView.vcxproj", "{2C52AEAE-CA61-47EB-9AC5-20E51849ABBF}"
	ProjectSection(ProjectDependencies) = postProject
		{30C74024-7F8D-4E93-A182-B6230ED6C233} = {30C74024-7F8D-4E93-A182-B6230ED6C233}
		{8D640747-BEFA-48DE-B204-D2EF4FC49844} = {8D640747-BEFA-48DE-B204-D2EF4FC49844}
		{F51D2160-38EB-499B-816B-BCDD0D6AAF0B} = {F51D2160-38EB-499B-816B-BCDD0D6AAF0B}
		{BCE11266-76D9-45AE-BD70-26D5D0389E38} = {BCE11266-76D9-45AE-BD70-26D5D0389E38}
		{5BAB4B68-8003-4645-A3EA-146C5F01CCFB} = {5BAB4B68-8003-4645-A3EA-146C5F01CCFB}
	EndProjectSection
EndProject
Project("{8BC9CEB8-8B4A-11D0-8D11-00A0C91BC942}") = "CluTec.Cuda.UserTest1", "CluTec.Cuda.2.0\CluTec.Cuda.UserTest1\CluTec.Cuda.UserTest1.vcxproj", "{64276756-61DD-4F93-A969-35D9317995B9}"
	ProjectSection(ProjectDependencies) = postProject
		{8D640747-BEFA-48DE-B204-D2EF4FC49844} = {8D640747-BEFA-48DE-B204-D2EF4FC49844}
		{BCE11266-76D9-45AE-BD70-26D5D0389E38} = {BCE11266-76D9-45AE-BD70-26D5D0389E38}
		{5BAB4B68-8003-4645-A3EA-146C5F01CCFB} = {5BAB4B68-8003-4645-A3EA-146C5F01CCFB}
		{ACA7BE69-A03F-49A8-9B31-56F87C9D1806} = {ACA7BE69-A03F-49A8-9B31-56F87C9D1806}
		{23EAA886-9C42-4B19-B402-7D84215504F7} = {23EAA886-9C42-4B19-B402-7D84215504F7}
		{277B54FA-05B7-44F6-ACB3-3CE2D6C8CDA8} = {277B54FA-05B7-44F6-ACB3-3CE2D6C8CDA8}
	EndProjectSection
EndProject
Project("{8BC9CEB8-8B4A-11D0-8D11-00A0C91BC942}") = "CluTec.Viz.Wnd.rtl", "CluTec.Viz.8.0\CluTec.Viz.Wnd\CluTec.Viz.Wnd.rtl.vcxproj", "{36DB37FF-8C99-4F08-979D-F76D96AB2F31}"
	ProjectSection(ProjectDependencies) = postProject
		{D2316505-D74C-4A74-B72C-C28E1A3F5312} = {D2316505-D74C-4A74-B72C-C28E1A3F5312}
		{CECBFB16-B94D-4D62-8FCD-106C98051817} = {CECBFB16-B94D-4D62-8FCD-106C98051817}
		{DB044828-EB7B-440A-BDBC-194709C08F6E} = {DB044828-EB7B-440A-BDBC-194709C08F6E}
		{4E825A44-AF4E-404C-A363-3FF7071EDBA8} = {4E825A44-AF4E-404C-A363-3FF7071EDBA8}
		{5BAB4B68-8003-4645-A3EA-146C5F01CCFB} = {5BAB4B68-8003-4645-A3EA-146C5F01CCFB}
		{2577E892-A40E-4E9C-831E-34195963AD06} = {2577E892-A40E-4E9C-831E-34195963AD06}
		{47871CA9-DE7D-4BDE-9A28-4495C425BC57} = {47871CA9-DE7D-4BDE-9A28-4495C425BC57}
		{935151D5-F91A-4B9A-8B3A-B147D6D5B506} = {935151D5-F91A-4B9A-8B3A-B147D6D5B506}
		{5C8187F4-E94D-48DC-B91B-EC3589E5F59E} = {5C8187F4-E94D-48DC-B91B-EC3589E5F59E}
		{277B54FA-05B7-44F6-ACB3-3CE2D6C8CDA8} = {277B54FA-05B7-44F6-ACB3-3CE2D6C8CDA8}
	EndProjectSection
EndProject
Project("{8BC9CEB8-8B4A-11D0-8D11-00A0C91BC942}") = "CluTec.Viz.Net.Wnd", "CluTec.Viz.8.0\CluTec.Viz.Net.Wnd\CluTec.Viz.Net.Wnd.vcxproj", "{EFFD9BCE-5045-465C-8E2B-4A1BECB18DF4}"
	ProjectSection(ProjectDependencies) = postProject
		{47871CA9-DE7D-4BDE-9A28-4495C425BC57} = {47871CA9-DE7D-4BDE-9A28-4495C425BC57}
		{277B54FA-05B7-44F6-ACB3-3CE2D6C8CDA8} = {277B54FA-05B7-44F6-ACB3-3CE2D6C8CDA8}
		{36DB37FF-8C99-4F08-979D-F76D96AB2F31} = {36DB37FF-8C99-4F08-979D-F76D96AB2F31}
	EndProjectSection
EndProject
Project("{FAE04EC0-301F-11D3-BF4B-00C04F79EFBC}") = "CluTec.Viz.Net.AppTest2", "CluTec.Viz.8.0\CluTec.Viz.Net.AppTest2\CluTec.Viz.Net.AppTest2.csproj", "{79939123-AF29-41B6-9350-ACAE358C8984}"
EndProject
Project("{2150E333-8FDC-42A3-9474-1A3956D46DE8}") = "80 App", "80 App", "{89545891-7CA9-41F7-8111-FD7E88F712A9}"
EndProject
Project("{8BC9CEB8-8B4A-11D0-8D11-00A0C91BC942}") = "CluVizApp", "CluTec.Viz.8.0\CluViz.App\CluVizApp.vcxproj", "{1563BABA-52D0-473E-BD7A-2D9124137227}"
	ProjectSection(ProjectDependencies) = postProject
		{CECBFB16-B94D-4D62-8FCD-106C98051817} = {CECBFB16-B94D-4D62-8FCD-106C98051817}
		{5BAB4B68-8003-4645-A3EA-146C5F01CCFB} = {5BAB4B68-8003-4645-A3EA-146C5F01CCFB}
		{277B54FA-05B7-44F6-ACB3-3CE2D6C8CDA8} = {277B54FA-05B7-44F6-ACB3-3CE2D6C8CDA8}
		{36DB37FF-8C99-4F08-979D-F76D96AB2F31} = {36DB37FF-8C99-4F08-979D-F76D96AB2F31}
	EndProjectSection
EndProject
Global
	GlobalSection(SolutionConfigurationPlatforms) = preSolution
		Debug|Any CPU = Debug|Any CPU
		Debug|Mixed Platforms = Debug|Mixed Platforms
		Debug|Win32 = Debug|Win32
		Debug|x64 = Debug|x64
		Release|Any CPU = Release|Any CPU
		Release|Mixed Platforms = Release|Mixed Platforms
		Release|Win32 = Release|Win32
		Release|x64 = Release|x64
		RTM|Any CPU = RTM|Any CPU
		RTM|Mixed Platforms = RTM|Mixed Platforms
		RTM|Win32 = RTM|Win32
		RTM|x64 = RTM|x64
	EndGlobalSection
	GlobalSection(ProjectConfigurationPlatforms) = postSolution
		{47871CA9-DE7D-4BDE-9A28-4495C425BC57}.Debug|Any CPU.ActiveCfg = Debug|Win32
		{47871CA9-DE7D-4BDE-9A28-4495C425BC57}.Debug|Mixed Platforms.ActiveCfg = Debug|Win32
		{47871CA9-DE7D-4BDE-9A28-4495C425BC57}.Debug|Mixed Platforms.Build.0 = Debug|Win32
		{47871CA9-DE7D-4BDE-9A28-4495C425BC57}.Debug|Win32.ActiveCfg = Debug|Win32
		{47871CA9-DE7D-4BDE-9A28-4495C425BC57}.Debug|Win32.Build.0 = Debug|Win32
		{47871CA9-DE7D-4BDE-9A28-4495C425BC57}.Debug|x64.ActiveCfg = Debug|x64
		{47871CA9-DE7D-4BDE-9A28-4495C425BC57}.Debug|x64.Build.0 = Debug|x64
		{47871CA9-DE7D-4BDE-9A28-4495C425BC57}.Release|Any CPU.ActiveCfg = Release|Win32
		{47871CA9-DE7D-4BDE-9A28-4495C425BC57}.Release|Mixed Platforms.ActiveCfg = Release|Win32
		{47871CA9-DE7D-4BDE-9A28-4495C425BC57}.Release|Mixed Platforms.Build.0 = Release|Win32
		{47871CA9-DE7D-4BDE-9A28-4495C425BC57}.Release|Win32.ActiveCfg = Release|Win32
		{47871CA9-DE7D-4BDE-9A28-4495C425BC57}.Release|Win32.Build.0 = Release|Win32
		{47871CA9-DE7D-4BDE-9A28-4495C425BC57}.Release|x64.ActiveCfg = Release|x64
		{47871CA9-DE7D-4BDE-9A28-4495C425BC57}.Release|x64.Build.0 = Release|x64
		{47871CA9-DE7D-4BDE-9A28-4495C425BC57}.RTM|Any CPU.ActiveCfg = RTM|Win32
		{47871CA9-DE7D-4BDE-9A28-4495C425BC57}.RTM|Mixed Platforms.ActiveCfg = RTM|Win32
		{47871CA9-DE7D-4BDE-9A28-4495C425BC57}.RTM|Mixed Platforms.Build.0 = RTM|Win32
		{47871CA9-DE7D-4BDE-9A28-4495C425BC57}.RTM|Win32.ActiveCfg = RTM|Win32
		{47871CA9-DE7D-4BDE-9A28-4495C425BC57}.RTM|Win32.Build.0 = RTM|Win32
		{47871CA9-DE7D-4BDE-9A28-4495C425BC57}.RTM|x64.ActiveCfg = RTM|x64
		{47871CA9-DE7D-4BDE-9A28-4495C425BC57}.RTM|x64.Build.0 = RTM|x64
		{A238B177-62A9-412D-B44C-66A3E83C2CBF}.Debug|Any CPU.ActiveCfg = Debug|Win32
		{A238B177-62A9-412D-B44C-66A3E83C2CBF}.Debug|Mixed Platforms.ActiveCfg = Debug|Win32
		{A238B177-62A9-412D-B44C-66A3E83C2CBF}.Debug|Mixed Platforms.Build.0 = Debug|Win32
		{A238B177-62A9-412D-B44C-66A3E83C2CBF}.Debug|Win32.ActiveCfg = Debug|Win32
		{A238B177-62A9-412D-B44C-66A3E83C2CBF}.Debug|Win32.Build.0 = Debug|Win32
		{A238B177-62A9-412D-B44C-66A3E83C2CBF}.Debug|x64.ActiveCfg = Debug|x64
		{A238B177-62A9-412D-B44C-66A3E83C2CBF}.Debug|x64.Build.0 = Debug|x64
		{A238B177-62A9-412D-B44C-66A3E83C2CBF}.Release|Any CPU.ActiveCfg = Release|Win32
		{A238B177-62A9-412D-B44C-66A3E83C2CBF}.Release|Mixed Platforms.ActiveCfg = Release|Win32
		{A238B177-62A9-412D-B44C-66A3E83C2CBF}.Release|Mixed Platforms.Build.0 = Release|Win32
		{A238B177-62A9-412D-B44C-66A3E83C2CBF}.Release|Win32.ActiveCfg = Release|Win32
		{A238B177-62A9-412D-B44C-66A3E83C2CBF}.Release|Win32.Build.0 = Release|Win32
		{A238B177-62A9-412D-B44C-66A3E83C2CBF}.Release|x64.ActiveCfg = Release|x64
		{A238B177-62A9-412D-B44C-66A3E83C2CBF}.Release|x64.Build.0 = Release|x64
		{A238B177-62A9-412D-B44C-66A3E83C2CBF}.RTM|Any CPU.ActiveCfg = RTM|Win32
		{A238B177-62A9-412D-B44C-66A3E83C2CBF}.RTM|Mixed Platforms.ActiveCfg = RTM|Win32
		{A238B177-62A9-412D-B44C-66A3E83C2CBF}.RTM|Mixed Platforms.Build.0 = RTM|Win32
		{A238B177-62A9-412D-B44C-66A3E83C2CBF}.RTM|Win32.ActiveCfg = RTM|Win32
		{A238B177-62A9-412D-B44C-66A3E83C2CBF}.RTM|Win32.Build.0 = RTM|Win32
		{A238B177-62A9-412D-B44C-66A3E83C2CBF}.RTM|x64.ActiveCfg = RTM|x64
		{A238B177-62A9-412D-B44C-66A3E83C2CBF}.RTM|x64.Build.0 = RTM|x64
		{D2316505-D74C-4A74-B72C-C28E1A3F5312}.Debug|Any CPU.ActiveCfg = Debug|Win32
		{D2316505-D74C-4A74-B72C-C28E1A3F5312}.Debug|Mixed Platforms.ActiveCfg = Debug|Win32
		{D2316505-D74C-4A74-B72C-C28E1A3F5312}.Debug|Mixed Platforms.Build.0 = Debug|Win32
		{D2316505-D74C-4A74-B72C-C28E1A3F5312}.Debug|Win32.ActiveCfg = Debug|Win32
		{D2316505-D74C-4A74-B72C-C28E1A3F5312}.Debug|Win32.Build.0 = Debug|Win32
		{D2316505-D74C-4A74-B72C-C28E1A3F5312}.Debug|x64.ActiveCfg = Debug|x64
		{D2316505-D74C-4A74-B72C-C28E1A3F5312}.Debug|x64.Build.0 = Debug|x64
		{D2316505-D74C-4A74-B72C-C28E1A3F5312}.Release|Any CPU.ActiveCfg = Release|Win32
		{D2316505-D74C-4A74-B72C-C28E1A3F5312}.Release|Mixed Platforms.ActiveCfg = Release|Win32
		{D2316505-D74C-4A74-B72C-C28E1A3F5312}.Release|Mixed Platforms.Build.0 = Release|Win32
		{D2316505-D74C-4A74-B72C-C28E1A3F5312}.Release|Win32.ActiveCfg = Release|Win32
		{D2316505-D74C-4A74-B72C-C28E1A3F5312}.Release|Win32.Build.0 = Release|Win32
		{D2316505-D74C-4A74-B72C-C28E1A3F5312}.Release|x64.ActiveCfg = Release|x64
		{D2316505-D74C-4A74-B72C-C28E1A3F5312}.Release|x64.Build.0 = Release|x64
		{D2316505-D74C-4A74-B72C-C28E1A3F5312}.RTM|Any CPU.ActiveCfg = Release|Win32
		{D2316505-D74C-4A74-B72C-C28E1A3F5312}.RTM|Mixed Platforms.ActiveCfg = Release|Win32
		{D2316505-D74C-4A74-B72C-C28E1A3F5312}.RTM|Mixed Platforms.Build.0 = Release|Win32
		{D2316505-D74C-4A74-B72C-C28E1A3F5312}.RTM|Win32.ActiveCfg = RTM|Win32
		{D2316505-D74C-4A74-B72C-C28E1A3F5312}.RTM|Win32.Build.0 = RTM|Win32
		{D2316505-D74C-4A74-B72C-C28E1A3F5312}.RTM|x64.ActiveCfg = RTM|x64
		{D2316505-D74C-4A74-B72C-C28E1A3F5312}.RTM|x64.Build.0 = RTM|x64
		{C4320F87-8FDE-41E3-BB96-FF4A437D0F86}.Debug|Any CPU.ActiveCfg = Debug|Win32
		{C4320F87-8FDE-41E3-BB96-FF4A437D0F86}.Debug|Mixed Platforms.ActiveCfg = Debug|Win32
		{C4320F87-8FDE-41E3-BB96-FF4A437D0F86}.Debug|Mixed Platforms.Build.0 = Debug|Win32
		{C4320F87-8FDE-41E3-BB96-FF4A437D0F86}.Debug|Win32.ActiveCfg = Debug|Win32
		{C4320F87-8FDE-41E3-BB96-FF4A437D0F86}.Debug|Win32.Build.0 = Debug|Win32
		{C4320F87-8FDE-41E3-BB96-FF4A437D0F86}.Debug|x64.ActiveCfg = Debug|x64
		{C4320F87-8FDE-41E3-BB96-FF4A437D0F86}.Debug|x64.Build.0 = Debug|x64
		{C4320F87-8FDE-41E3-BB96-FF4A437D0F86}.Release|Any CPU.ActiveCfg = Release|Win32
		{C4320F87-8FDE-41E3-BB96-FF4A437D0F86}.Release|Mixed Platforms.ActiveCfg = Release|Win32
		{C4320F87-8FDE-41E3-BB96-FF4A437D0F86}.Release|Mixed Platforms.Build.0 = Release|Win32
		{C4320F87-8FDE-41E3-BB96-FF4A437D0F86}.Release|Win32.ActiveCfg = Release|Win32
		{C4320F87-8FDE-41E3-BB96-FF4A437D0F86}.Release|Win32.Build.0 = Release|Win32
		{C4320F87-8FDE-41E3-BB96-FF4A437D0F86}.Release|x64.ActiveCfg = Release|x64
		{C4320F87-8FDE-41E3-BB96-FF4A437D0F86}.Release|x64.Build.0 = Release|x64
		{C4320F87-8FDE-41E3-BB96-FF4A437D0F86}.RTM|Any CPU.ActiveCfg = RTM|Win32
		{C4320F87-8FDE-41E3-BB96-FF4A437D0F86}.RTM|Mixed Platforms.ActiveCfg = RTM|Win32
		{C4320F87-8FDE-41E3-BB96-FF4A437D0F86}.RTM|Mixed Platforms.Build.0 = RTM|Win32
		{C4320F87-8FDE-41E3-BB96-FF4A437D0F86}.RTM|Win32.ActiveCfg = RTM|Win32
		{C4320F87-8FDE-41E3-BB96-FF4A437D0F86}.RTM|Win32.Build.0 = RTM|Win32
		{C4320F87-8FDE-41E3-BB96-FF4A437D0F86}.RTM|x64.ActiveCfg = RTM|x64
		{C4320F87-8FDE-41E3-BB96-FF4A437D0F86}.RTM|x64.Build.0 = RTM|x64
		{5C8187F4-E94D-48DC-B91B-EC3589E5F59E}.Debug|Any CPU.ActiveCfg = Debug|Win32
		{5C8187F4-E94D-48DC-B91B-EC3589E5F59E}.Debug|Mixed Platforms.ActiveCfg = Debug|Win32
		{5C8187F4-E94D-48DC-B91B-EC3589E5F59E}.Debug|Mixed Platforms.Build.0 = Debug|Win32
		{5C8187F4-E94D-48DC-B91B-EC3589E5F59E}.Debug|Win32.ActiveCfg = Debug|Win32
		{5C8187F4-E94D-48DC-B91B-EC3589E5F59E}.Debug|Win32.Build.0 = Debug|Win32
		{5C8187F4-E94D-48DC-B91B-EC3589E5F59E}.Debug|x64.ActiveCfg = Debug|x64
		{5C8187F4-E94D-48DC-B91B-EC3589E5F59E}.Debug|x64.Build.0 = Debug|x64
		{5C8187F4-E94D-48DC-B91B-EC3589E5F59E}.Release|Any CPU.ActiveCfg = Release|Win32
		{5C8187F4-E94D-48DC-B91B-EC3589E5F59E}.Release|Mixed Platforms.ActiveCfg = Release|Win32
		{5C8187F4-E94D-48DC-B91B-EC3589E5F59E}.Release|Mixed Platforms.Build.0 = Release|Win32
		{5C8187F4-E94D-48DC-B91B-EC3589E5F59E}.Release|Win32.ActiveCfg = Release|Win32
		{5C8187F4-E94D-48DC-B91B-EC3589E5F59E}.Release|Win32.Build.0 = Release|Win32
		{5C8187F4-E94D-48DC-B91B-EC3589E5F59E}.Release|x64.ActiveCfg = Release|x64
		{5C8187F4-E94D-48DC-B91B-EC3589E5F59E}.Release|x64.Build.0 = Release|x64
		{5C8187F4-E94D-48DC-B91B-EC3589E5F59E}.RTM|Any CPU.ActiveCfg = RTM|Win32
		{5C8187F4-E94D-48DC-B91B-EC3589E5F59E}.RTM|Mixed Platforms.ActiveCfg = RTM|Win32
		{5C8187F4-E94D-48DC-B91B-EC3589E5F59E}.RTM|Mixed Platforms.Build.0 = RTM|Win32
		{5C8187F4-E94D-48DC-B91B-EC3589E5F59E}.RTM|Win32.ActiveCfg = RTM|Win32
		{5C8187F4-E94D-48DC-B91B-EC3589E5F59E}.RTM|Win32.Build.0 = RTM|Win32
		{5C8187F4-E94D-48DC-B91B-EC3589E5F59E}.RTM|x64.ActiveCfg = RTM|x64
		{5C8187F4-E94D-48DC-B91B-EC3589E5F59E}.RTM|x64.Build.0 = RTM|x64
		{DA147196-507C-4491-A598-7D87AA5F7ABC}.Debug|Any CPU.ActiveCfg = Debug|Win32
		{DA147196-507C-4491-A598-7D87AA5F7ABC}.Debug|Mixed Platforms.ActiveCfg = Debug|Win32
		{DA147196-507C-4491-A598-7D87AA5F7ABC}.Debug|Mixed Platforms.Build.0 = Debug|Win32
		{DA147196-507C-4491-A598-7D87AA5F7ABC}.Debug|Win32.ActiveCfg = Debug|Win32
		{DA147196-507C-4491-A598-7D87AA5F7ABC}.Debug|Win32.Build.0 = Debug|Win32
		{DA147196-507C-4491-A598-7D87AA5F7ABC}.Debug|x64.ActiveCfg = Debug|x64
		{DA147196-507C-4491-A598-7D87AA5F7ABC}.Debug|x64.Build.0 = Debug|x64
		{DA147196-507C-4491-A598-7D87AA5F7ABC}.Release|Any CPU.ActiveCfg = Release|Win32
		{DA147196-507C-4491-A598-7D87AA5F7ABC}.Release|Mixed Platforms.ActiveCfg = Release|Win32
		{DA147196-507C-4491-A598-7D87AA5F7ABC}.Release|Mixed Platforms.Build.0 = Release|Win32
		{DA147196-507C-4491-A598-7D87AA5F7ABC}.Release|Win32.ActiveCfg = Release|Win32
		{DA147196-507C-4491-A598-7D87AA5F7ABC}.Release|Win32.Build.0 = Release|Win32
		{DA147196-507C-4491-A598-7D87AA5F7ABC}.Release|x64.ActiveCfg = Release|x64
		{DA147196-507C-4491-A598-7D87AA5F7ABC}.Release|x64.Build.0 = Release|x64
		{DA147196-507C-4491-A598-7D87AA5F7ABC}.RTM|Any CPU.ActiveCfg = Release|Win32
		{DA147196-507C-4491-A598-7D87AA5F7ABC}.RTM|Mixed Platforms.ActiveCfg = Release|Win32
		{DA147196-507C-4491-A598-7D87AA5F7ABC}.RTM|Mixed Platforms.Build.0 = Release|Win32
		{DA147196-507C-4491-A598-7D87AA5F7ABC}.RTM|Win32.ActiveCfg = RTM|Win32
		{DA147196-507C-4491-A598-7D87AA5F7ABC}.RTM|Win32.Build.0 = RTM|Win32
		{DA147196-507C-4491-A598-7D87AA5F7ABC}.RTM|x64.ActiveCfg = RTM|x64
		{DA147196-507C-4491-A598-7D87AA5F7ABC}.RTM|x64.Build.0 = RTM|x64
		{DB044828-EB7B-440A-BDBC-194709C08F6E}.Debug|Any CPU.ActiveCfg = Debug|Win32
		{DB044828-EB7B-440A-BDBC-194709C08F6E}.Debug|Mixed Platforms.ActiveCfg = Debug|Win32
		{DB044828-EB7B-440A-BDBC-194709C08F6E}.Debug|Mixed Platforms.Build.0 = Debug|Win32
		{DB044828-EB7B-440A-BDBC-194709C08F6E}.Debug|Win32.ActiveCfg = Debug|Win32
		{DB044828-EB7B-440A-BDBC-194709C08F6E}.Debug|Win32.Build.0 = Debug|Win32
		{DB044828-EB7B-440A-BDBC-194709C08F6E}.Debug|x64.ActiveCfg = Debug|x64
		{DB044828-EB7B-440A-BDBC-194709C08F6E}.Debug|x64.Build.0 = Debug|x64
		{DB044828-EB7B-440A-BDBC-194709C08F6E}.Release|Any CPU.ActiveCfg = Release|Win32
		{DB044828-EB7B-440A-BDBC-194709C08F6E}.Release|Mixed Platforms.ActiveCfg = Release|Win32
		{DB044828-EB7B-440A-BDBC-194709C08F6E}.Release|Mixed Platforms.Build.0 = Release|Win32
		{DB044828-EB7B-440A-BDBC-194709C08F6E}.Release|Win32.ActiveCfg = Release|Win32
		{DB044828-EB7B-440A-BDBC-194709C08F6E}.Release|Win32.Build.0 = Release|Win32
		{DB044828-EB7B-440A-BDBC-194709C08F6E}.Release|x64.ActiveCfg = Release|x64
		{DB044828-EB7B-440A-BDBC-194709C08F6E}.Release|x64.Build.0 = Release|x64
		{DB044828-EB7B-440A-BDBC-194709C08F6E}.RTM|Any CPU.ActiveCfg = Release|Win32
		{DB044828-EB7B-440A-BDBC-194709C08F6E}.RTM|Mixed Platforms.ActiveCfg = Release|Win32
		{DB044828-EB7B-440A-BDBC-194709C08F6E}.RTM|Mixed Platforms.Build.0 = Release|Win32
		{DB044828-EB7B-440A-BDBC-194709C08F6E}.RTM|Win32.ActiveCfg = RTM|Win32
		{DB044828-EB7B-440A-BDBC-194709C08F6E}.RTM|Win32.Build.0 = RTM|Win32
		{DB044828-EB7B-440A-BDBC-194709C08F6E}.RTM|x64.ActiveCfg = RTM|x64
		{DB044828-EB7B-440A-BDBC-194709C08F6E}.RTM|x64.Build.0 = RTM|x64
		{277B54FA-05B7-44F6-ACB3-3CE2D6C8CDA8}.Debug|Any CPU.ActiveCfg = Debug|Win32
		{277B54FA-05B7-44F6-ACB3-3CE2D6C8CDA8}.Debug|Mixed Platforms.ActiveCfg = Debug|Win32
		{277B54FA-05B7-44F6-ACB3-3CE2D6C8CDA8}.Debug|Mixed Platforms.Build.0 = Debug|Win32
		{277B54FA-05B7-44F6-ACB3-3CE2D6C8CDA8}.Debug|Win32.ActiveCfg = Debug|Win32
		{277B54FA-05B7-44F6-ACB3-3CE2D6C8CDA8}.Debug|Win32.Build.0 = Debug|Win32
		{277B54FA-05B7-44F6-ACB3-3CE2D6C8CDA8}.Debug|x64.ActiveCfg = Debug|x64
		{277B54FA-05B7-44F6-ACB3-3CE2D6C8CDA8}.Debug|x64.Build.0 = Debug|x64
		{277B54FA-05B7-44F6-ACB3-3CE2D6C8CDA8}.Release|Any CPU.ActiveCfg = Release|Win32
		{277B54FA-05B7-44F6-ACB3-3CE2D6C8CDA8}.Release|Mixed Platforms.ActiveCfg = Release|Win32
		{277B54FA-05B7-44F6-ACB3-3CE2D6C8CDA8}.Release|Mixed Platforms.Build.0 = Release|Win32
		{277B54FA-05B7-44F6-ACB3-3CE2D6C8CDA8}.Release|Win32.ActiveCfg = Release|Win32
		{277B54FA-05B7-44F6-ACB3-3CE2D6C8CDA8}.Release|Win32.Build.0 = Release|Win32
		{277B54FA-05B7-44F6-ACB3-3CE2D6C8CDA8}.Release|x64.ActiveCfg = Release|x64
		{277B54FA-05B7-44F6-ACB3-3CE2D6C8CDA8}.Release|x64.Build.0 = Release|x64
		{277B54FA-05B7-44F6-ACB3-3CE2D6C8CDA8}.RTM|Any CPU.ActiveCfg = Release|Win32
		{277B54FA-05B7-44F6-ACB3-3CE2D6C8CDA8}.RTM|Mixed Platforms.ActiveCfg = Release|Win32
		{277B54FA-05B7-44F6-ACB3-3CE2D6C8CDA8}.RTM|Mixed Platforms.Build.0 = Release|Win32
		{277B54FA-05B7-44F6-ACB3-3CE2D6C8CDA8}.RTM|Win32.ActiveCfg = RTM|Win32
		{277B54FA-05B7-44F6-ACB3-3CE2D6C8CDA8}.RTM|Win32.Build.0 = RTM|Win32
		{277B54FA-05B7-44F6-ACB3-3CE2D6C8CDA8}.RTM|x64.ActiveCfg = RTM|x64
		{277B54FA-05B7-44F6-ACB3-3CE2D6C8CDA8}.RTM|x64.Build.0 = RTM|x64
		{2577E892-A40E-4E9C-831E-34195963AD06}.Debug|Any CPU.ActiveCfg = Debug|Win32
		{2577E892-A40E-4E9C-831E-34195963AD06}.Debug|Mixed Platforms.ActiveCfg = Debug|Win32
		{2577E892-A40E-4E9C-831E-34195963AD06}.Debug|Mixed Platforms.Build.0 = Debug|Win32
		{2577E892-A40E-4E9C-831E-34195963AD06}.Debug|Win32.ActiveCfg = Debug|Win32
		{2577E892-A40E-4E9C-831E-34195963AD06}.Debug|Win32.Build.0 = Debug|Win32
		{2577E892-A40E-4E9C-831E-34195963AD06}.Debug|x64.ActiveCfg = Debug|x64
		{2577E892-A40E-4E9C-831E-34195963AD06}.Debug|x64.Build.0 = Debug|x64
		{2577E892-A40E-4E9C-831E-34195963AD06}.Release|Any CPU.ActiveCfg = Release|Win32
		{2577E892-A40E-4E9C-831E-34195963AD06}.Release|Mixed Platforms.ActiveCfg = Release|Win32
		{2577E892-A40E-4E9C-831E-34195963AD06}.Release|Mixed Platforms.Build.0 = Release|Win32
		{2577E892-A40E-4E9C-831E-34195963AD06}.Release|Win32.ActiveCfg = Release|Win32
		{2577E892-A40E-4E9C-831E-34195963AD06}.Release|Win32.Build.0 = Release|Win32
		{2577E892-A40E-4E9C-831E-34195963AD06}.Release|x64.ActiveCfg = Release|x64
		{2577E892-A40E-4E9C-831E-34195963AD06}.Release|x64.Build.0 = Release|x64
		{2577E892-A40E-4E9C-831E-34195963AD06}.RTM|Any CPU.ActiveCfg = Release|Win32
		{2577E892-A40E-4E9C-831E-34195963AD06}.RTM|Mixed Platforms.ActiveCfg = Release|Win32
		{2577E892-A40E-4E9C-831E-34195963AD06}.RTM|Mixed Platforms.Build.0 = Release|Win32
		{2577E892-A40E-4E9C-831E-34195963AD06}.RTM|Win32.ActiveCfg = RTM|Win32
		{2577E892-A40E-4E9C-831E-34195963AD06}.RTM|Win32.Build.0 = RTM|Win32
		{2577E892-A40E-4E9C-831E-34195963AD06}.RTM|x64.ActiveCfg = RTM|x64
		{2577E892-A40E-4E9C-831E-34195963AD06}.RTM|x64.Build.0 = RTM|x64
		{FBB51C49-01FF-43C6-8E8C-B1CCACA35CA9}.Debug|Any CPU.ActiveCfg = Debug|Win32
		{FBB51C49-01FF-43C6-8E8C-B1CCACA35CA9}.Debug|Mixed Platforms.ActiveCfg = Debug|Win32
		{FBB51C49-01FF-43C6-8E8C-B1CCACA35CA9}.Debug|Mixed Platforms.Build.0 = Debug|Win32
		{FBB51C49-01FF-43C6-8E8C-B1CCACA35CA9}.Debug|Win32.ActiveCfg = Debug|Win32
		{FBB51C49-01FF-43C6-8E8C-B1CCACA35CA9}.Debug|Win32.Build.0 = Debug|Win32
		{FBB51C49-01FF-43C6-8E8C-B1CCACA35CA9}.Debug|x64.ActiveCfg = Debug|x64
		{FBB51C49-01FF-43C6-8E8C-B1CCACA35CA9}.Debug|x64.Build.0 = Debug|x64
		{FBB51C49-01FF-43C6-8E8C-B1CCACA35CA9}.Release|Any CPU.ActiveCfg = Release|Win32
		{FBB51C49-01FF-43C6-8E8C-B1CCACA35CA9}.Release|Mixed Platforms.ActiveCfg = Release|Win32
		{FBB51C49-01FF-43C6-8E8C-B1CCACA35CA9}.Release|Mixed Platforms.Build.0 = Release|Win32
		{FBB51C49-01FF-43C6-8E8C-B1CCACA35CA9}.Release|Win32.ActiveCfg = Release|Win32
		{FBB51C49-01FF-43C6-8E8C-B1CCACA35CA9}.Release|Win32.Build.0 = Release|Win32
		{FBB51C49-01FF-43C6-8E8C-B1CCACA35CA9}.Release|x64.ActiveCfg = Release|x64
		{FBB51C49-01FF-43C6-8E8C-B1CCACA35CA9}.Release|x64.Build.0 = Release|x64
		{FBB51C49-01FF-43C6-8E8C-B1CCACA35CA9}.RTM|Any CPU.ActiveCfg = Release|Win32
		{FBB51C49-01FF-43C6-8E8C-B1CCACA35CA9}.RTM|Mixed Platforms.ActiveCfg = Release|Win32
		{FBB51C49-01FF-43C6-8E8C-B1CCACA35CA9}.RTM|Mixed Platforms.Build.0 = Release|Win32
		{FBB51C49-01FF-43C6-8E8C-B1CCACA35CA9}.RTM|Win32.ActiveCfg = RTM|Win32
		{FBB51C49-01FF-43C6-8E8C-B1CCACA35CA9}.RTM|Win32.Build.0 = RTM|Win32
		{FBB51C49-01FF-43C6-8E8C-B1CCACA35CA9}.RTM|x64.ActiveCfg = RTM|x64
		{FBB51C49-01FF-43C6-8E8C-B1CCACA35CA9}.RTM|x64.Build.0 = RTM|x64
		{4ED06C91-E604-4D2A-9E5C-91AF4F3E7A1F}.Debug|Any CPU.ActiveCfg = Debug|Win32
		{4ED06C91-E604-4D2A-9E5C-91AF4F3E7A1F}.Debug|Mixed Platforms.ActiveCfg = Debug|Win32
		{4ED06C91-E604-4D2A-9E5C-91AF4F3E7A1F}.Debug|Mixed Platforms.Build.0 = Debug|Win32
		{4ED06C91-E604-4D2A-9E5C-91AF4F3E7A1F}.Debug|Win32.ActiveCfg = Debug|Win32
		{4ED06C91-E604-4D2A-9E5C-91AF4F3E7A1F}.Debug|Win32.Build.0 = Debug|Win32
		{4ED06C91-E604-4D2A-9E5C-91AF4F3E7A1F}.Debug|x64.ActiveCfg = Debug|x64
		{4ED06C91-E604-4D2A-9E5C-91AF4F3E7A1F}.Debug|x64.Build.0 = Debug|x64
		{4ED06C91-E604-4D2A-9E5C-91AF4F3E7A1F}.Release|Any CPU.ActiveCfg = Release|Win32
		{4ED06C91-E604-4D2A-9E5C-91AF4F3E7A1F}.Release|Mixed Platforms.ActiveCfg = Release|Win32
		{4ED06C91-E604-4D2A-9E5C-91AF4F3E7A1F}.Release|Mixed Platforms.Build.0 = Release|Win32
		{4ED06C91-E604-4D2A-9E5C-91AF4F3E7A1F}.Release|Win32.ActiveCfg = Release|Win32
		{4ED06C91-E604-4D2A-9E5C-91AF4F3E7A1F}.Release|Win32.Build.0 = Release|Win32
		{4ED06C91-E604-4D2A-9E5C-91AF4F3E7A1F}.Release|x64.ActiveCfg = Release|x64
		{4ED06C91-E604-4D2A-9E5C-91AF4F3E7A1F}.Release|x64.Build.0 = Release|x64
		{4ED06C91-E604-4D2A-9E5C-91AF4F3E7A1F}.RTM|Any CPU.ActiveCfg = Release|Win32
		{4ED06C91-E604-4D2A-9E5C-91AF4F3E7A1F}.RTM|Mixed Platforms.ActiveCfg = Release|Win32
		{4ED06C91-E604-4D2A-9E5C-91AF4F3E7A1F}.RTM|Mixed Platforms.Build.0 = Release|Win32
		{4ED06C91-E604-4D2A-9E5C-91AF4F3E7A1F}.RTM|Win32.ActiveCfg = RTM|Win32
		{4ED06C91-E604-4D2A-9E5C-91AF4F3E7A1F}.RTM|Win32.Build.0 = RTM|Win32
		{4ED06C91-E604-4D2A-9E5C-91AF4F3E7A1F}.RTM|x64.ActiveCfg = RTM|x64
		{4ED06C91-E604-4D2A-9E5C-91AF4F3E7A1F}.RTM|x64.Build.0 = RTM|x64
		{F51D2160-38EB-499B-816B-BCDD0D6AAF0B}.Debug|Any CPU.ActiveCfg = Debug|Win32
		{F51D2160-38EB-499B-816B-BCDD0D6AAF0B}.Debug|Mixed Platforms.ActiveCfg = Debug|Win32
		{F51D2160-38EB-499B-816B-BCDD0D6AAF0B}.Debug|Mixed Platforms.Build.0 = Debug|Win32
		{F51D2160-38EB-499B-816B-BCDD0D6AAF0B}.Debug|Win32.ActiveCfg = Debug|Win32
		{F51D2160-38EB-499B-816B-BCDD0D6AAF0B}.Debug|Win32.Build.0 = Debug|Win32
		{F51D2160-38EB-499B-816B-BCDD0D6AAF0B}.Debug|x64.ActiveCfg = Debug|x64
		{F51D2160-38EB-499B-816B-BCDD0D6AAF0B}.Debug|x64.Build.0 = Debug|x64
		{F51D2160-38EB-499B-816B-BCDD0D6AAF0B}.Release|Any CPU.ActiveCfg = Release|Win32
		{F51D2160-38EB-499B-816B-BCDD0D6AAF0B}.Release|Mixed Platforms.ActiveCfg = Release|Win32
		{F51D2160-38EB-499B-816B-BCDD0D6AAF0B}.Release|Mixed Platforms.Build.0 = Release|Win32
		{F51D2160-38EB-499B-816B-BCDD0D6AAF0B}.Release|Win32.ActiveCfg = Release|Win32
		{F51D2160-38EB-499B-816B-BCDD0D6AAF0B}.Release|Win32.Build.0 = Release|Win32
		{F51D2160-38EB-499B-816B-BCDD0D6AAF0B}.Release|x64.ActiveCfg = Release|x64
		{F51D2160-38EB-499B-816B-BCDD0D6AAF0B}.Release|x64.Build.0 = Release|x64
		{F51D2160-38EB-499B-816B-BCDD0D6AAF0B}.RTM|Any CPU.ActiveCfg = Release|Win32
		{F51D2160-38EB-499B-816B-BCDD0D6AAF0B}.RTM|Mixed Platforms.ActiveCfg = Release|Win32
		{F51D2160-38EB-499B-816B-BCDD0D6AAF0B}.RTM|Mixed Platforms.Build.0 = Release|Win32
		{F51D2160-38EB-499B-816B-BCDD0D6AAF0B}.RTM|Win32.ActiveCfg = RTM|Win32
		{F51D2160-38EB-499B-816B-BCDD0D6AAF0B}.RTM|Win32.Build.0 = RTM|Win32
		{F51D2160-38EB-499B-816B-BCDD0D6AAF0B}.RTM|x64.ActiveCfg = RTM|x64
		{F51D2160-38EB-499B-816B-BCDD0D6AAF0B}.RTM|x64.Build.0 = RTM|x64
		{913934A5-0A7D-4EAF-8027-7A5127F63C11}.Debug|Any CPU.ActiveCfg = Debug|Win32
		{913934A5-0A7D-4EAF-8027-7A5127F63C11}.Debug|Mixed Platforms.ActiveCfg = Debug|Win32
		{913934A5-0A7D-4EAF-8027-7A5127F63C11}.Debug|Mixed Platforms.Build.0 = Debug|Win32
		{913934A5-0A7D-4EAF-8027-7A5127F63C11}.Debug|Win32.ActiveCfg = Debug|Win32
		{913934A5-0A7D-4EAF-8027-7A5127F63C11}.Debug|Win32.Build.0 = Debug|Win32
		{913934A5-0A7D-4EAF-8027-7A5127F63C11}.Debug|x64.ActiveCfg = Debug|x64
		{913934A5-0A7D-4EAF-8027-7A5127F63C11}.Debug|x64.Build.0 = Debug|x64
		{913934A5-0A7D-4EAF-8027-7A5127F63C11}.Release|Any CPU.ActiveCfg = Release|Win32
		{913934A5-0A7D-4EAF-8027-7A5127F63C11}.Release|Mixed Platforms.ActiveCfg = Release|Win32
		{913934A5-0A7D-4EAF-8027-7A5127F63C11}.Release|Mixed Platforms.Build.0 = Release|Win32
		{913934A5-0A7D-4EAF-8027-7A5127F63C11}.Release|Win32.ActiveCfg = Release|Win32
		{913934A5-0A7D-4EAF-8027-7A5127F63C11}.Release|Win32.Build.0 = Release|Win32
		{913934A5-0A7D-4EAF-8027-7A5127F63C11}.Release|x64.ActiveCfg = Release|x64
		{913934A5-0A7D-4EAF-8027-7A5127F63C11}.Release|x64.Build.0 = Release|x64
		{913934A5-0A7D-4EAF-8027-7A5127F63C11}.RTM|Any CPU.ActiveCfg = Release|Win32
		{913934A5-0A7D-4EAF-8027-7A5127F63C11}.RTM|Mixed Platforms.ActiveCfg = Release|Win32
		{913934A5-0A7D-4EAF-8027-7A5127F63C11}.RTM|Mixed Platforms.Build.0 = Release|Win32
		{913934A5-0A7D-4EAF-8027-7A5127F63C11}.RTM|Win32.ActiveCfg = RTM|Win32
		{913934A5-0A7D-4EAF-8027-7A5127F63C11}.RTM|Win32.Build.0 = RTM|Win32
		{913934A5-0A7D-4EAF-8027-7A5127F63C11}.RTM|x64.ActiveCfg = RTM|x64
		{913934A5-0A7D-4EAF-8027-7A5127F63C11}.RTM|x64.Build.0 = RTM|x64
		{4E825A44-AF4E-404C-A363-3FF7071EDBA8}.Debug|Any CPU.ActiveCfg = Debug|Win32
		{4E825A44-AF4E-404C-A363-3FF7071EDBA8}.Debug|Mixed Platforms.ActiveCfg = Debug|Win32
		{4E825A44-AF4E-404C-A363-3FF7071EDBA8}.Debug|Mixed Platforms.Build.0 = Debug|Win32
		{4E825A44-AF4E-404C-A363-3FF7071EDBA8}.Debug|Win32.ActiveCfg = Debug|Win32
		{4E825A44-AF4E-404C-A363-3FF7071EDBA8}.Debug|Win32.Build.0 = Debug|Win32
		{4E825A44-AF4E-404C-A363-3FF7071EDBA8}.Debug|x64.ActiveCfg = Debug|x64
		{4E825A44-AF4E-404C-A363-3FF7071EDBA8}.Debug|x64.Build.0 = Debug|x64
		{4E825A44-AF4E-404C-A363-3FF7071EDBA8}.Release|Any CPU.ActiveCfg = Release|Win32
		{4E825A44-AF4E-404C-A363-3FF7071EDBA8}.Release|Mixed Platforms.ActiveCfg = Release|Win32
		{4E825A44-AF4E-404C-A363-3FF7071EDBA8}.Release|Mixed Platforms.Build.0 = Release|Win32
		{4E825A44-AF4E-404C-A363-3FF7071EDBA8}.Release|Win32.ActiveCfg = Release|Win32
		{4E825A44-AF4E-404C-A363-3FF7071EDBA8}.Release|Win32.Build.0 = Release|Win32
		{4E825A44-AF4E-404C-A363-3FF7071EDBA8}.Release|x64.ActiveCfg = Release|x64
		{4E825A44-AF4E-404C-A363-3FF7071EDBA8}.Release|x64.Build.0 = Release|x64
		{4E825A44-AF4E-404C-A363-3FF7071EDBA8}.RTM|Any CPU.ActiveCfg = Release|Win32
		{4E825A44-AF4E-404C-A363-3FF7071EDBA8}.RTM|Mixed Platforms.ActiveCfg = Release|Win32
		{4E825A44-AF4E-404C-A363-3FF7071EDBA8}.RTM|Mixed Platforms.Build.0 = Release|Win32
		{4E825A44-AF4E-404C-A363-3FF7071EDBA8}.RTM|Win32.ActiveCfg = RTM|Win32
		{4E825A44-AF4E-404C-A363-3FF7071EDBA8}.RTM|Win32.Build.0 = RTM|Win32
		{4E825A44-AF4E-404C-A363-3FF7071EDBA8}.RTM|x64.ActiveCfg = RTM|x64
		{4E825A44-AF4E-404C-A363-3FF7071EDBA8}.RTM|x64.Build.0 = RTM|x64
		{2FD0FF00-3E60-4837-8E68-2981A77A091B}.Debug|Any CPU.ActiveCfg = Debug|Win32
		{2FD0FF00-3E60-4837-8E68-2981A77A091B}.Debug|Mixed Platforms.ActiveCfg = Debug|Win32
		{2FD0FF00-3E60-4837-8E68-2981A77A091B}.Debug|Mixed Platforms.Build.0 = Debug|Win32
		{2FD0FF00-3E60-4837-8E68-2981A77A091B}.Debug|Win32.ActiveCfg = Debug|Win32
		{2FD0FF00-3E60-4837-8E68-2981A77A091B}.Debug|Win32.Build.0 = Debug|Win32
		{2FD0FF00-3E60-4837-8E68-2981A77A091B}.Debug|x64.ActiveCfg = Debug|x64
		{2FD0FF00-3E60-4837-8E68-2981A77A091B}.Debug|x64.Build.0 = Debug|x64
		{2FD0FF00-3E60-4837-8E68-2981A77A091B}.Release|Any CPU.ActiveCfg = Release|Win32
		{2FD0FF00-3E60-4837-8E68-2981A77A091B}.Release|Mixed Platforms.ActiveCfg = Release|Win32
		{2FD0FF00-3E60-4837-8E68-2981A77A091B}.Release|Mixed Platforms.Build.0 = Release|Win32
		{2FD0FF00-3E60-4837-8E68-2981A77A091B}.Release|Win32.ActiveCfg = Release|Win32
		{2FD0FF00-3E60-4837-8E68-2981A77A091B}.Release|Win32.Build.0 = Release|Win32
		{2FD0FF00-3E60-4837-8E68-2981A77A091B}.Release|x64.ActiveCfg = Release|x64
		{2FD0FF00-3E60-4837-8E68-2981A77A091B}.Release|x64.Build.0 = Release|x64
		{2FD0FF00-3E60-4837-8E68-2981A77A091B}.RTM|Any CPU.ActiveCfg = Release|Win32
		{2FD0FF00-3E60-4837-8E68-2981A77A091B}.RTM|Mixed Platforms.ActiveCfg = Release|Win32
		{2FD0FF00-3E60-4837-8E68-2981A77A091B}.RTM|Mixed Platforms.Build.0 = Release|Win32
		{2FD0FF00-3E60-4837-8E68-2981A77A091B}.RTM|Win32.ActiveCfg = RTM|Win32
		{2FD0FF00-3E60-4837-8E68-2981A77A091B}.RTM|Win32.Build.0 = RTM|Win32
		{2FD0FF00-3E60-4837-8E68-2981A77A091B}.RTM|x64.ActiveCfg = RTM|x64
		{2FD0FF00-3E60-4837-8E68-2981A77A091B}.RTM|x64.Build.0 = RTM|x64
		{935151D5-F91A-4B9A-8B3A-B147D6D5B506}.Debug|Any CPU.ActiveCfg = Debug|Win32
		{935151D5-F91A-4B9A-8B3A-B147D6D5B506}.Debug|Mixed Platforms.ActiveCfg = Debug|Win32
		{935151D5-F91A-4B9A-8B3A-B147D6D5B506}.Debug|Mixed Platforms.Build.0 = Debug|Win32
		{935151D5-F91A-4B9A-8B3A-B147D6D5B506}.Debug|Win32.ActiveCfg = Debug|Win32
		{935151D5-F91A-4B9A-8B3A-B147D6D5B506}.Debug|Win32.Build.0 = Debug|Win32
		{935151D5-F91A-4B9A-8B3A-B147D6D5B506}.Debug|x64.ActiveCfg = Debug|x64
		{935151D5-F91A-4B9A-8B3A-B147D6D5B506}.Debug|x64.Build.0 = Debug|x64
		{935151D5-F91A-4B9A-8B3A-B147D6D5B506}.Release|Any CPU.ActiveCfg = Release|Win32
		{935151D5-F91A-4B9A-8B3A-B147D6D5B506}.Release|Mixed Platforms.ActiveCfg = Release|Win32
		{935151D5-F91A-4B9A-8B3A-B147D6D5B506}.Release|Mixed Platforms.Build.0 = Release|Win32
		{935151D5-F91A-4B9A-8B3A-B147D6D5B506}.Release|Win32.ActiveCfg = Release|Win32
		{935151D5-F91A-4B9A-8B3A-B147D6D5B506}.Release|Win32.Build.0 = Release|Win32
		{935151D5-F91A-4B9A-8B3A-B147D6D5B506}.Release|x64.ActiveCfg = Release|x64
		{935151D5-F91A-4B9A-8B3A-B147D6D5B506}.Release|x64.Build.0 = Release|x64
		{935151D5-F91A-4B9A-8B3A-B147D6D5B506}.RTM|Any CPU.ActiveCfg = Release|Win32
		{935151D5-F91A-4B9A-8B3A-B147D6D5B506}.RTM|Mixed Platforms.ActiveCfg = Release|Win32
		{935151D5-F91A-4B9A-8B3A-B147D6D5B506}.RTM|Mixed Platforms.Build.0 = Release|Win32
		{935151D5-F91A-4B9A-8B3A-B147D6D5B506}.RTM|Win32.ActiveCfg = RTM|Win32
		{935151D5-F91A-4B9A-8B3A-B147D6D5B506}.RTM|Win32.Build.0 = RTM|Win32
		{935151D5-F91A-4B9A-8B3A-B147D6D5B506}.RTM|x64.ActiveCfg = RTM|x64
		{935151D5-F91A-4B9A-8B3A-B147D6D5B506}.RTM|x64.Build.0 = RTM|x64
		{A9AE9751-365B-449A-912D-8CD7E7874569}.Debug|Any CPU.ActiveCfg = Debug|Win32
		{A9AE9751-365B-449A-912D-8CD7E7874569}.Debug|Mixed Platforms.ActiveCfg = Debug|Win32
		{A9AE9751-365B-449A-912D-8CD7E7874569}.Debug|Mixed Platforms.Build.0 = Debug|Win32
		{A9AE9751-365B-449A-912D-8CD7E7874569}.Debug|Win32.ActiveCfg = Debug|Win32
		{A9AE9751-365B-449A-912D-8CD7E7874569}.Debug|Win32.Build.0 = Debug|Win32
		{A9AE9751-365B-449A-912D-8CD7E7874569}.Debug|x64.ActiveCfg = Debug|x64
		{A9AE9751-365B-449A-912D-8CD7E7874569}.Debug|x64.Build.0 = Debug|x64
		{A9AE9751-365B-449A-912D-8CD7E7874569}.Release|Any CPU.ActiveCfg = Release|Win32
		{A9AE9751-365B-449A-912D-8CD7E7874569}.Release|Mixed Platforms.ActiveCfg = Release|Win32
		{A9AE9751-365B-449A-912D-8CD7E7874569}.Release|Mixed Platforms.Build.0 = Release|Win32
		{A9AE9751-365B-449A-912D-8CD7E7874569}.Release|Win32.ActiveCfg = Release|Win32
		{A9AE9751-365B-449A-912D-8CD7E7874569}.Release|Win32.Build.0 = Release|Win32
		{A9AE9751-365B-449A-912D-8CD7E7874569}.Release|x64.ActiveCfg = Release|x64
		{A9AE9751-365B-449A-912D-8CD7E7874569}.Release|x64.Build.0 = Release|x64
		{A9AE9751-365B-449A-912D-8CD7E7874569}.RTM|Any CPU.ActiveCfg = Release|Win32
		{A9AE9751-365B-449A-912D-8CD7E7874569}.RTM|Mixed Platforms.ActiveCfg = Release|Win32
		{A9AE9751-365B-449A-912D-8CD7E7874569}.RTM|Mixed Platforms.Build.0 = Release|Win32
		{A9AE9751-365B-449A-912D-8CD7E7874569}.RTM|Win32.ActiveCfg = RTM|Win32
		{A9AE9751-365B-449A-912D-8CD7E7874569}.RTM|Win32.Build.0 = RTM|Win32
		{A9AE9751-365B-449A-912D-8CD7E7874569}.RTM|x64.ActiveCfg = RTM|x64
		{A9AE9751-365B-449A-912D-8CD7E7874569}.RTM|x64.Build.0 = RTM|x64
		{23EAA886-9C42-4B19-B402-7D84215504F7}.Debug|Any CPU.ActiveCfg = Debug|Win32
		{23EAA886-9C42-4B19-B402-7D84215504F7}.Debug|Mixed Platforms.ActiveCfg = Debug|Win32
		{23EAA886-9C42-4B19-B402-7D84215504F7}.Debug|Mixed Platforms.Build.0 = Debug|Win32
		{23EAA886-9C42-4B19-B402-7D84215504F7}.Debug|Win32.ActiveCfg = Debug|Win32
		{23EAA886-9C42-4B19-B402-7D84215504F7}.Debug|Win32.Build.0 = Debug|Win32
		{23EAA886-9C42-4B19-B402-7D84215504F7}.Debug|x64.ActiveCfg = Debug|x64
		{23EAA886-9C42-4B19-B402-7D84215504F7}.Debug|x64.Build.0 = Debug|x64
		{23EAA886-9C42-4B19-B402-7D84215504F7}.Release|Any CPU.ActiveCfg = Release|Win32
		{23EAA886-9C42-4B19-B402-7D84215504F7}.Release|Mixed Platforms.ActiveCfg = Release|Win32
		{23EAA886-9C42-4B19-B402-7D84215504F7}.Release|Mixed Platforms.Build.0 = Release|Win32
		{23EAA886-9C42-4B19-B402-7D84215504F7}.Release|Win32.ActiveCfg = Release|Win32
		{23EAA886-9C42-4B19-B402-7D84215504F7}.Release|Win32.Build.0 = Release|Win32
		{23EAA886-9C42-4B19-B402-7D84215504F7}.Release|x64.ActiveCfg = Release|x64
		{23EAA886-9C42-4B19-B402-7D84215504F7}.Release|x64.Build.0 = Release|x64
		{23EAA886-9C42-4B19-B402-7D84215504F7}.RTM|Any CPU.ActiveCfg = RTM|Win32
		{23EAA886-9C42-4B19-B402-7D84215504F7}.RTM|Mixed Platforms.ActiveCfg = RTM|Win32
		{23EAA886-9C42-4B19-B402-7D84215504F7}.RTM|Mixed Platforms.Build.0 = RTM|Win32
		{23EAA886-9C42-4B19-B402-7D84215504F7}.RTM|Win32.ActiveCfg = RTM|Win32
		{23EAA886-9C42-4B19-B402-7D84215504F7}.RTM|Win32.Build.0 = RTM|Win32
		{23EAA886-9C42-4B19-B402-7D84215504F7}.RTM|x64.ActiveCfg = RTM|x64
		{23EAA886-9C42-4B19-B402-7D84215504F7}.RTM|x64.Build.0 = RTM|x64
		{CECBFB16-B94D-4D62-8FCD-106C98051817}.Debug|Any CPU.ActiveCfg = Debug|Win32
		{CECBFB16-B94D-4D62-8FCD-106C98051817}.Debug|Mixed Platforms.ActiveCfg = Debug|Win32
		{CECBFB16-B94D-4D62-8FCD-106C98051817}.Debug|Mixed Platforms.Build.0 = Debug|Win32
		{CECBFB16-B94D-4D62-8FCD-106C98051817}.Debug|Win32.ActiveCfg = Debug|Win32
		{CECBFB16-B94D-4D62-8FCD-106C98051817}.Debug|Win32.Build.0 = Debug|Win32
		{CECBFB16-B94D-4D62-8FCD-106C98051817}.Debug|x64.ActiveCfg = Debug|x64
		{CECBFB16-B94D-4D62-8FCD-106C98051817}.Debug|x64.Build.0 = Debug|x64
		{CECBFB16-B94D-4D62-8FCD-106C98051817}.Release|Any CPU.ActiveCfg = Release|Win32
		{CECBFB16-B94D-4D62-8FCD-106C98051817}.Release|Mixed Platforms.ActiveCfg = Release|Win32
		{CECBFB16-B94D-4D62-8FCD-106C98051817}.Release|Mixed Platforms.Build.0 = Release|Win32
		{CECBFB16-B94D-4D62-8FCD-106C98051817}.Release|Win32.ActiveCfg = Release|Win32
		{CECBFB16-B94D-4D62-8FCD-106C98051817}.Release|Win32.Build.0 = Release|Win32
		{CECBFB16-B94D-4D62-8FCD-106C98051817}.Release|x64.ActiveCfg = Release|x64
		{CECBFB16-B94D-4D62-8FCD-106C98051817}.Release|x64.Build.0 = Release|x64
		{CECBFB16-B94D-4D62-8FCD-106C98051817}.RTM|Any CPU.ActiveCfg = RTM|Win32
		{CECBFB16-B94D-4D62-8FCD-106C98051817}.RTM|Mixed Platforms.ActiveCfg = RTM|Win32
		{CECBFB16-B94D-4D62-8FCD-106C98051817}.RTM|Mixed Platforms.Build.0 = RTM|Win32
		{CECBFB16-B94D-4D62-8FCD-106C98051817}.RTM|Win32.ActiveCfg = RTM|Win32
		{CECBFB16-B94D-4D62-8FCD-106C98051817}.RTM|Win32.Build.0 = RTM|Win32
		{CECBFB16-B94D-4D62-8FCD-106C98051817}.RTM|x64.ActiveCfg = RTM|x64
		{CECBFB16-B94D-4D62-8FCD-106C98051817}.RTM|x64.Build.0 = RTM|x64
		{4D732990-64B6-43CF-B1CE-0A028786F30D}.Debug|Any CPU.ActiveCfg = Debug|Win32
		{4D732990-64B6-43CF-B1CE-0A028786F30D}.Debug|Mixed Platforms.ActiveCfg = Debug|Win32
		{4D732990-64B6-43CF-B1CE-0A028786F30D}.Debug|Mixed Platforms.Build.0 = Debug|Win32
		{4D732990-64B6-43CF-B1CE-0A028786F30D}.Debug|Win32.ActiveCfg = Debug|Win32
		{4D732990-64B6-43CF-B1CE-0A028786F30D}.Debug|Win32.Build.0 = Debug|Win32
		{4D732990-64B6-43CF-B1CE-0A028786F30D}.Debug|x64.ActiveCfg = Debug|x64
		{4D732990-64B6-43CF-B1CE-0A028786F30D}.Debug|x64.Build.0 = Debug|x64
		{4D732990-64B6-43CF-B1CE-0A028786F30D}.Release|Any CPU.ActiveCfg = Release|Win32
		{4D732990-64B6-43CF-B1CE-0A028786F30D}.Release|Mixed Platforms.ActiveCfg = Release|Win32
		{4D732990-64B6-43CF-B1CE-0A028786F30D}.Release|Mixed Platforms.Build.0 = Release|Win32
		{4D732990-64B6-43CF-B1CE-0A028786F30D}.Release|Win32.ActiveCfg = Release|Win32
		{4D732990-64B6-43CF-B1CE-0A028786F30D}.Release|Win32.Build.0 = Release|Win32
		{4D732990-64B6-43CF-B1CE-0A028786F30D}.Release|x64.ActiveCfg = Release|x64
		{4D732990-64B6-43CF-B1CE-0A028786F30D}.Release|x64.Build.0 = Release|x64
		{4D732990-64B6-43CF-B1CE-0A028786F30D}.RTM|Any CPU.ActiveCfg = Release|Win32
		{4D732990-64B6-43CF-B1CE-0A028786F30D}.RTM|Mixed Platforms.ActiveCfg = Release|Win32
		{4D732990-64B6-43CF-B1CE-0A028786F30D}.RTM|Mixed Platforms.Build.0 = Release|Win32
		{4D732990-64B6-43CF-B1CE-0A028786F30D}.RTM|Win32.ActiveCfg = RTM|Win32
		{4D732990-64B6-43CF-B1CE-0A028786F30D}.RTM|Win32.Build.0 = RTM|Win32
		{4D732990-64B6-43CF-B1CE-0A028786F30D}.RTM|x64.ActiveCfg = RTM|x64
		{4D732990-64B6-43CF-B1CE-0A028786F30D}.RTM|x64.Build.0 = RTM|x64
		{783BF9EA-043B-45FA-9506-5A4325873817}.Debug|Any CPU.ActiveCfg = Debug|Win32
		{783BF9EA-043B-45FA-9506-5A4325873817}.Debug|Mixed Platforms.ActiveCfg = Debug|Win32
		{783BF9EA-043B-45FA-9506-5A4325873817}.Debug|Mixed Platforms.Build.0 = Debug|Win32
		{783BF9EA-043B-45FA-9506-5A4325873817}.Debug|Win32.ActiveCfg = Debug|Win32
		{783BF9EA-043B-45FA-9506-5A4325873817}.Debug|Win32.Build.0 = Debug|Win32
		{783BF9EA-043B-45FA-9506-5A4325873817}.Debug|x64.ActiveCfg = Debug|x64
		{783BF9EA-043B-45FA-9506-5A4325873817}.Debug|x64.Build.0 = Debug|x64
		{783BF9EA-043B-45FA-9506-5A4325873817}.Release|Any CPU.ActiveCfg = Release|Win32
		{783BF9EA-043B-45FA-9506-5A4325873817}.Release|Mixed Platforms.ActiveCfg = Release|Win32
		{783BF9EA-043B-45FA-9506-5A4325873817}.Release|Mixed Platforms.Build.0 = Release|Win32
		{783BF9EA-043B-45FA-9506-5A4325873817}.Release|Win32.ActiveCfg = Release|Win32
		{783BF9EA-043B-45FA-9506-5A4325873817}.Release|Win32.Build.0 = Release|Win32
		{783BF9EA-043B-45FA-9506-5A4325873817}.Release|x64.ActiveCfg = Release|x64
		{783BF9EA-043B-45FA-9506-5A4325873817}.Release|x64.Build.0 = Release|x64
		{783BF9EA-043B-45FA-9506-5A4325873817}.RTM|Any CPU.ActiveCfg = RTM|Win32
		{783BF9EA-043B-45FA-9506-5A4325873817}.RTM|Mixed Platforms.ActiveCfg = RTM|Win32
		{783BF9EA-043B-45FA-9506-5A4325873817}.RTM|Mixed Platforms.Build.0 = RTM|Win32
		{783BF9EA-043B-45FA-9506-5A4325873817}.RTM|Win32.ActiveCfg = RTM|Win32
		{783BF9EA-043B-45FA-9506-5A4325873817}.RTM|Win32.Build.0 = RTM|Win32
		{783BF9EA-043B-45FA-9506-5A4325873817}.RTM|x64.ActiveCfg = RTM|x64
		{783BF9EA-043B-45FA-9506-5A4325873817}.RTM|x64.Build.0 = RTM|x64
		{1216C2F3-8429-4170-8D60-760721C911B8}.Debug|Any CPU.ActiveCfg = Debug|Any CPU
		{1216C2F3-8429-4170-8D60-760721C911B8}.Debug|Any CPU.Build.0 = Debug|Any CPU
		{1216C2F3-8429-4170-8D60-760721C911B8}.Debug|Mixed Platforms.ActiveCfg = Debug|Any CPU
		{1216C2F3-8429-4170-8D60-760721C911B8}.Debug|Mixed Platforms.Build.0 = Debug|Any CPU
		{1216C2F3-8429-4170-8D60-760721C911B8}.Debug|Win32.ActiveCfg = Debug|x86
		{1216C2F3-8429-4170-8D60-760721C911B8}.Debug|Win32.Build.0 = Debug|x86
		{1216C2F3-8429-4170-8D60-760721C911B8}.Debug|x64.ActiveCfg = Debug|x64
		{1216C2F3-8429-4170-8D60-760721C911B8}.Debug|x64.Build.0 = Debug|x64
		{1216C2F3-8429-4170-8D60-760721C911B8}.Release|Any CPU.ActiveCfg = Release|Any CPU
		{1216C2F3-8429-4170-8D60-760721C911B8}.Release|Any CPU.Build.0 = Release|Any CPU
		{1216C2F3-8429-4170-8D60-760721C911B8}.Release|Mixed Platforms.ActiveCfg = Release|Any CPU
		{1216C2F3-8429-4170-8D60-760721C911B8}.Release|Mixed Platforms.Build.0 = Release|Any CPU
		{1216C2F3-8429-4170-8D60-760721C911B8}.Release|Win32.ActiveCfg = Release|x86
		{1216C2F3-8429-4170-8D60-760721C911B8}.Release|Win32.Build.0 = Release|x86
		{1216C2F3-8429-4170-8D60-760721C911B8}.Release|x64.ActiveCfg = Release|x64
		{1216C2F3-8429-4170-8D60-760721C911B8}.Release|x64.Build.0 = Release|x64
		{1216C2F3-8429-4170-8D60-760721C911B8}.RTM|Any CPU.ActiveCfg = Release|Any CPU
		{1216C2F3-8429-4170-8D60-760721C911B8}.RTM|Any CPU.Build.0 = Release|Any CPU
		{1216C2F3-8429-4170-8D60-760721C911B8}.RTM|Mixed Platforms.ActiveCfg = Release|Any CPU
		{1216C2F3-8429-4170-8D60-760721C911B8}.RTM|Mixed Platforms.Build.0 = Release|Any CPU
		{1216C2F3-8429-4170-8D60-760721C911B8}.RTM|Win32.ActiveCfg = RTM|x86
		{1216C2F3-8429-4170-8D60-760721C911B8}.RTM|Win32.Build.0 = RTM|x86
		{1216C2F3-8429-4170-8D60-760721C911B8}.RTM|x64.ActiveCfg = RTM|x64
		{1216C2F3-8429-4170-8D60-760721C911B8}.RTM|x64.Build.0 = RTM|x64
		{5BAB4B68-8003-4645-A3EA-146C5F01CCFB}.Debug|Any CPU.ActiveCfg = Debug|Win32
		{5BAB4B68-8003-4645-A3EA-146C5F01CCFB}.Debug|Mixed Platforms.ActiveCfg = Debug|Win32
		{5BAB4B68-8003-4645-A3EA-146C5F01CCFB}.Debug|Mixed Platforms.Build.0 = Debug|Win32
		{5BAB4B68-8003-4645-A3EA-146C5F01CCFB}.Debug|Win32.ActiveCfg = Debug|Win32
		{5BAB4B68-8003-4645-A3EA-146C5F01CCFB}.Debug|Win32.Build.0 = Debug|Win32
		{5BAB4B68-8003-4645-A3EA-146C5F01CCFB}.Debug|x64.ActiveCfg = Debug|x64
		{5BAB4B68-8003-4645-A3EA-146C5F01CCFB}.Debug|x64.Build.0 = Debug|x64
		{5BAB4B68-8003-4645-A3EA-146C5F01CCFB}.Release|Any CPU.ActiveCfg = Release|Win32
		{5BAB4B68-8003-4645-A3EA-146C5F01CCFB}.Release|Mixed Platforms.ActiveCfg = Release|Win32
		{5BAB4B68-8003-4645-A3EA-146C5F01CCFB}.Release|Mixed Platforms.Build.0 = Release|Win32
		{5BAB4B68-8003-4645-A3EA-146C5F01CCFB}.Release|Win32.ActiveCfg = Release|Win32
		{5BAB4B68-8003-4645-A3EA-146C5F01CCFB}.Release|Win32.Build.0 = Release|Win32
		{5BAB4B68-8003-4645-A3EA-146C5F01CCFB}.Release|x64.ActiveCfg = Release|x64
		{5BAB4B68-8003-4645-A3EA-146C5F01CCFB}.Release|x64.Build.0 = Release|x64
		{5BAB4B68-8003-4645-A3EA-146C5F01CCFB}.RTM|Any CPU.ActiveCfg = RTM|Win32
		{5BAB4B68-8003-4645-A3EA-146C5F01CCFB}.RTM|Mixed Platforms.ActiveCfg = RTM|Win32
		{5BAB4B68-8003-4645-A3EA-146C5F01CCFB}.RTM|Mixed Platforms.Build.0 = RTM|Win32
		{5BAB4B68-8003-4645-A3EA-146C5F01CCFB}.RTM|Win32.ActiveCfg = RTM|Win32
		{5BAB4B68-8003-4645-A3EA-146C5F01CCFB}.RTM|Win32.Build.0 = RTM|Win32
		{5BAB4B68-8003-4645-A3EA-146C5F01CCFB}.RTM|x64.ActiveCfg = RTM|x64
		{5BAB4B68-8003-4645-A3EA-146C5F01CCFB}.RTM|x64.Build.0 = RTM|x64
		{30C74024-7F8D-4E93-A182-B6230ED6C233}.Debug|Any CPU.ActiveCfg = Debug|Win32
		{30C74024-7F8D-4E93-A182-B6230ED6C233}.Debug|Mixed Platforms.ActiveCfg = Debug|Win32
		{30C74024-7F8D-4E93-A182-B6230ED6C233}.Debug|Mixed Platforms.Build.0 = Debug|Win32
		{30C74024-7F8D-4E93-A182-B6230ED6C233}.Debug|Win32.ActiveCfg = Debug|Win32
		{30C74024-7F8D-4E93-A182-B6230ED6C233}.Debug|Win32.Build.0 = Debug|Win32
		{30C74024-7F8D-4E93-A182-B6230ED6C233}.Debug|x64.ActiveCfg = Debug|x64
		{30C74024-7F8D-4E93-A182-B6230ED6C233}.Debug|x64.Build.0 = Debug|x64
		{30C74024-7F8D-4E93-A182-B6230ED6C233}.Release|Any CPU.ActiveCfg = Release|Win32
		{30C74024-7F8D-4E93-A182-B6230ED6C233}.Release|Mixed Platforms.ActiveCfg = Release|Win32
		{30C74024-7F8D-4E93-A182-B6230ED6C233}.Release|Mixed Platforms.Build.0 = Release|Win32
		{30C74024-7F8D-4E93-A182-B6230ED6C233}.Release|Win32.ActiveCfg = Release|Win32
		{30C74024-7F8D-4E93-A182-B6230ED6C233}.Release|Win32.Build.0 = Release|Win32
		{30C74024-7F8D-4E93-A182-B6230ED6C233}.Release|x64.ActiveCfg = Release|x64
		{30C74024-7F8D-4E93-A182-B6230ED6C233}.Release|x64.Build.0 = Release|x64
		{30C74024-7F8D-4E93-A182-B6230ED6C233}.RTM|Any CPU.ActiveCfg = RTM|Win32
		{30C74024-7F8D-4E93-A182-B6230ED6C233}.RTM|Mixed Platforms.ActiveCfg = RTM|Win32
		{30C74024-7F8D-4E93-A182-B6230ED6C233}.RTM|Mixed Platforms.Build.0 = RTM|Win32
		{30C74024-7F8D-4E93-A182-B6230ED6C233}.RTM|Win32.ActiveCfg = RTM|Win32
		{30C74024-7F8D-4E93-A182-B6230ED6C233}.RTM|Win32.Build.0 = RTM|Win32
		{30C74024-7F8D-4E93-A182-B6230ED6C233}.RTM|x64.ActiveCfg = RTM|x64
		{30C74024-7F8D-4E93-A182-B6230ED6C233}.RTM|x64.Build.0 = RTM|x64
		{4DB06680-0E4E-4BCC-996E-3C6A319CE53B}.Debug|Any CPU.ActiveCfg = Debug|Win32
		{4DB06680-0E4E-4BCC-996E-3C6A319CE53B}.Debug|Mixed Platforms.ActiveCfg = Debug|Win32
		{4DB06680-0E4E-4BCC-996E-3C6A319CE53B}.Debug|Mixed Platforms.Build.0 = Debug|Win32
		{4DB06680-0E4E-4BCC-996E-3C6A319CE53B}.Debug|Win32.ActiveCfg = Debug|Win32
		{4DB06680-0E4E-4BCC-996E-3C6A319CE53B}.Debug|Win32.Build.0 = Debug|Win32
		{4DB06680-0E4E-4BCC-996E-3C6A319CE53B}.Debug|x64.ActiveCfg = Debug|x64
		{4DB06680-0E4E-4BCC-996E-3C6A319CE53B}.Debug|x64.Build.0 = Debug|x64
		{4DB06680-0E4E-4BCC-996E-3C6A319CE53B}.Release|Any CPU.ActiveCfg = Release|Win32
		{4DB06680-0E4E-4BCC-996E-3C6A319CE53B}.Release|Mixed Platforms.ActiveCfg = Release|Win32
		{4DB06680-0E4E-4BCC-996E-3C6A319CE53B}.Release|Mixed Platforms.Build.0 = Release|Win32
		{4DB06680-0E4E-4BCC-996E-3C6A319CE53B}.Release|Win32.ActiveCfg = Release|Win32
		{4DB06680-0E4E-4BCC-996E-3C6A319CE53B}.Release|Win32.Build.0 = Release|Win32
		{4DB06680-0E4E-4BCC-996E-3C6A319CE53B}.Release|x64.ActiveCfg = Release|x64
		{4DB06680-0E4E-4BCC-996E-3C6A319CE53B}.Release|x64.Build.0 = Release|x64
		{4DB06680-0E4E-4BCC-996E-3C6A319CE53B}.RTM|Any CPU.ActiveCfg = RTM|Win32
		{4DB06680-0E4E-4BCC-996E-3C6A319CE53B}.RTM|Mixed Platforms.ActiveCfg = RTM|Win32
		{4DB06680-0E4E-4BCC-996E-3C6A319CE53B}.RTM|Mixed Platforms.Build.0 = RTM|Win32
		{4DB06680-0E4E-4BCC-996E-3C6A319CE53B}.RTM|Win32.ActiveCfg = RTM|Win32
		{4DB06680-0E4E-4BCC-996E-3C6A319CE53B}.RTM|Win32.Build.0 = RTM|Win32
		{4DB06680-0E4E-4BCC-996E-3C6A319CE53B}.RTM|x64.ActiveCfg = RTM|x64
		{4DB06680-0E4E-4BCC-996E-3C6A319CE53B}.RTM|x64.Build.0 = RTM|x64
		{8D640747-BEFA-48DE-B204-D2EF4FC49844}.Debug|Any CPU.ActiveCfg = Debug|Win32
		{8D640747-BEFA-48DE-B204-D2EF4FC49844}.Debug|Mixed Platforms.ActiveCfg = Debug|Win32
		{8D640747-BEFA-48DE-B204-D2EF4FC49844}.Debug|Mixed Platforms.Build.0 = Debug|Win32
		{8D640747-BEFA-48DE-B204-D2EF4FC49844}.Debug|Win32.ActiveCfg = Debug|Win32
		{8D640747-BEFA-48DE-B204-D2EF4FC49844}.Debug|Win32.Build.0 = Debug|Win32
		{8D640747-BEFA-48DE-B204-D2EF4FC49844}.Debug|x64.ActiveCfg = Debug|x64
		{8D640747-BEFA-48DE-B204-D2EF4FC49844}.Debug|x64.Build.0 = Debug|x64
		{8D640747-BEFA-48DE-B204-D2EF4FC49844}.Release|Any CPU.ActiveCfg = Release|Win32
		{8D640747-BEFA-48DE-B204-D2EF4FC49844}.Release|Mixed Platforms.ActiveCfg = Release|Win32
		{8D640747-BEFA-48DE-B204-D2EF4FC49844}.Release|Mixed Platforms.Build.0 = Release|Win32
		{8D640747-BEFA-48DE-B204-D2EF4FC49844}.Release|Win32.ActiveCfg = Release|Win32
		{8D640747-BEFA-48DE-B204-D2EF4FC49844}.Release|Win32.Build.0 = Release|Win32
		{8D640747-BEFA-48DE-B204-D2EF4FC49844}.Release|x64.ActiveCfg = Release|x64
		{8D640747-BEFA-48DE-B204-D2EF4FC49844}.Release|x64.Build.0 = Release|x64
		{8D640747-BEFA-48DE-B204-D2EF4FC49844}.RTM|Any CPU.ActiveCfg = RTM|Win32
		{8D640747-BEFA-48DE-B204-D2EF4FC49844}.RTM|Mixed Platforms.ActiveCfg = RTM|Win32
		{8D640747-BEFA-48DE-B204-D2EF4FC49844}.RTM|Mixed Platforms.Build.0 = RTM|Win32
		{8D640747-BEFA-48DE-B204-D2EF4FC49844}.RTM|Win32.ActiveCfg = RTM|Win32
		{8D640747-BEFA-48DE-B204-D2EF4FC49844}.RTM|Win32.Build.0 = RTM|Win32
		{8D640747-BEFA-48DE-B204-D2EF4FC49844}.RTM|x64.ActiveCfg = RTM|x64
		{8D640747-BEFA-48DE-B204-D2EF4FC49844}.RTM|x64.Build.0 = RTM|x64
		{ACA7BE69-A03F-49A8-9B31-56F87C9D1806}.Debug|Any CPU.ActiveCfg = Debug|Win32
		{ACA7BE69-A03F-49A8-9B31-56F87C9D1806}.Debug|Mixed Platforms.ActiveCfg = Debug|Win32
		{ACA7BE69-A03F-49A8-9B31-56F87C9D1806}.Debug|Mixed Platforms.Build.0 = Debug|Win32
		{ACA7BE69-A03F-49A8-9B31-56F87C9D1806}.Debug|Win32.ActiveCfg = Debug|Win32
		{ACA7BE69-A03F-49A8-9B31-56F87C9D1806}.Debug|Win32.Build.0 = Debug|Win32
		{ACA7BE69-A03F-49A8-9B31-56F87C9D1806}.Debug|x64.ActiveCfg = Debug|x64
		{ACA7BE69-A03F-49A8-9B31-56F87C9D1806}.Debug|x64.Build.0 = Debug|x64
		{ACA7BE69-A03F-49A8-9B31-56F87C9D1806}.Release|Any CPU.ActiveCfg = Release|Win32
		{ACA7BE69-A03F-49A8-9B31-56F87C9D1806}.Release|Mixed Platforms.ActiveCfg = Release|Win32
		{ACA7BE69-A03F-49A8-9B31-56F87C9D1806}.Release|Mixed Platforms.Build.0 = Release|Win32
		{ACA7BE69-A03F-49A8-9B31-56F87C9D1806}.Release|Win32.ActiveCfg = Release|Win32
		{ACA7BE69-A03F-49A8-9B31-56F87C9D1806}.Release|Win32.Build.0 = Release|Win32
		{ACA7BE69-A03F-49A8-9B31-56F87C9D1806}.Release|x64.ActiveCfg = Release|x64
		{ACA7BE69-A03F-49A8-9B31-56F87C9D1806}.Release|x64.Build.0 = Release|x64
		{ACA7BE69-A03F-49A8-9B31-56F87C9D1806}.RTM|Any CPU.ActiveCfg = RTM|Win32
		{ACA7BE69-A03F-49A8-9B31-56F87C9D1806}.RTM|Mixed Platforms.ActiveCfg = RTM|Win32
		{ACA7BE69-A03F-49A8-9B31-56F87C9D1806}.RTM|Mixed Platforms.Build.0 = RTM|Win32
		{ACA7BE69-A03F-49A8-9B31-56F87C9D1806}.RTM|Win32.ActiveCfg = RTM|Win32
		{ACA7BE69-A03F-49A8-9B31-56F87C9D1806}.RTM|Win32.Build.0 = RTM|Win32
		{ACA7BE69-A03F-49A8-9B31-56F87C9D1806}.RTM|x64.ActiveCfg = RTM|x64
		{ACA7BE69-A03F-49A8-9B31-56F87C9D1806}.RTM|x64.Build.0 = RTM|x64
		{BCE11266-76D9-45AE-BD70-26D5D0389E38}.Debug|Any CPU.ActiveCfg = Debug|Win32
		{BCE11266-76D9-45AE-BD70-26D5D0389E38}.Debug|Mixed Platforms.ActiveCfg = Debug|Win32
		{BCE11266-76D9-45AE-BD70-26D5D0389E38}.Debug|Mixed Platforms.Build.0 = Debug|Win32
		{BCE11266-76D9-45AE-BD70-26D5D0389E38}.Debug|Win32.ActiveCfg = Debug|Win32
		{BCE11266-76D9-45AE-BD70-26D5D0389E38}.Debug|Win32.Build.0 = Debug|Win32
		{BCE11266-76D9-45AE-BD70-26D5D0389E38}.Debug|x64.ActiveCfg = Debug|x64
		{BCE11266-76D9-45AE-BD70-26D5D0389E38}.Debug|x64.Build.0 = Debug|x64
		{BCE11266-76D9-45AE-BD70-26D5D0389E38}.Release|Any CPU.ActiveCfg = Release|Win32
		{BCE11266-76D9-45AE-BD70-26D5D0389E38}.Release|Mixed Platforms.ActiveCfg = Release|Win32
		{BCE11266-76D9-45AE-BD70-26D5D0389E38}.Release|Mixed Platforms.Build.0 = Release|Win32
		{BCE11266-76D9-45AE-BD70-26D5D0389E38}.Release|Win32.ActiveCfg = Release|Win32
		{BCE11266-76D9-45AE-BD70-26D5D0389E38}.Release|Win32.Build.0 = Release|Win32
		{BCE11266-76D9-45AE-BD70-26D5D0389E38}.Release|x64.ActiveCfg = Release|x64
		{BCE11266-76D9-45AE-BD70-26D5D0389E38}.Release|x64.Build.0 = Release|x64
		{BCE11266-76D9-45AE-BD70-26D5D0389E38}.RTM|Any CPU.ActiveCfg = RTM|Win32
		{BCE11266-76D9-45AE-BD70-26D5D0389E38}.RTM|Mixed Platforms.ActiveCfg = RTM|Win32
		{BCE11266-76D9-45AE-BD70-26D5D0389E38}.RTM|Mixed Platforms.Build.0 = RTM|Win32
		{BCE11266-76D9-45AE-BD70-26D5D0389E38}.RTM|Win32.ActiveCfg = RTM|Win32
		{BCE11266-76D9-45AE-BD70-26D5D0389E38}.RTM|Win32.Build.0 = RTM|Win32
		{BCE11266-76D9-45AE-BD70-26D5D0389E38}.RTM|x64.ActiveCfg = RTM|x64
		{BCE11266-76D9-45AE-BD70-26D5D0389E38}.RTM|x64.Build.0 = RTM|x64
		{2C52AEAE-CA61-47EB-9AC5-20E51849ABBF}.Debug|Any CPU.ActiveCfg = Debug|Win32
		{2C52AEAE-CA61-47EB-9AC5-20E51849ABBF}.Debug|Mixed Platforms.ActiveCfg = Debug|Win32
		{2C52AEAE-CA61-47EB-9AC5-20E51849ABBF}.Debug|Mixed Platforms.Build.0 = Debug|Win32
		{2C52AEAE-CA61-47EB-9AC5-20E51849ABBF}.Debug|Win32.ActiveCfg = Debug|Win32
		{2C52AEAE-CA61-47EB-9AC5-20E51849ABBF}.Debug|Win32.Build.0 = Debug|Win32
		{2C52AEAE-CA61-47EB-9AC5-20E51849ABBF}.Debug|x64.ActiveCfg = Debug|x64
		{2C52AEAE-CA61-47EB-9AC5-20E51849ABBF}.Debug|x64.Build.0 = Debug|x64
		{2C52AEAE-CA61-47EB-9AC5-20E51849ABBF}.Release|Any CPU.ActiveCfg = Release|Win32
		{2C52AEAE-CA61-47EB-9AC5-20E51849ABBF}.Release|Mixed Platforms.ActiveCfg = Release|Win32
		{2C52AEAE-CA61-47EB-9AC5-20E51849ABBF}.Release|Mixed Platforms.Build.0 = Release|Win32
		{2C52AEAE-CA61-47EB-9AC5-20E51849ABBF}.Release|Win32.ActiveCfg = Release|Win32
		{2C52AEAE-CA61-47EB-9AC5-20E51849ABBF}.Release|Win32.Build.0 = Release|Win32
		{2C52AEAE-CA61-47EB-9AC5-20E51849ABBF}.Release|x64.ActiveCfg = Release|x64
		{2C52AEAE-CA61-47EB-9AC5-20E51849ABBF}.Release|x64.Build.0 = Release|x64
		{2C52AEAE-CA61-47EB-9AC5-20E51849ABBF}.RTM|Any CPU.ActiveCfg = RTM|Win32
		{2C52AEAE-CA61-47EB-9AC5-20E51849ABBF}.RTM|Mixed Platforms.ActiveCfg = RTM|Win32
		{2C52AEAE-CA61-47EB-9AC5-20E51849ABBF}.RTM|Mixed Platforms.Build.0 = RTM|Win32
		{2C52AEAE-CA61-47EB-9AC5-20E51849ABBF}.RTM|Win32.ActiveCfg = RTM|Win32
		{2C52AEAE-CA61-47EB-9AC5-20E51849ABBF}.RTM|Win32.Build.0 = RTM|Win32
		{2C52AEAE-CA61-47EB-9AC5-20E51849ABBF}.RTM|x64.ActiveCfg = RTM|x64
		{2C52AEAE-CA61-47EB-9AC5-20E51849ABBF}.RTM|x64.Build.0 = RTM|x64
		{64276756-61DD-4F93-A969-35D9317995B9}.Debug|Any CPU.ActiveCfg = Debug|Win32
		{64276756-61DD-4F93-A969-35D9317995B9}.Debug|Mixed Platforms.ActiveCfg = Debug|Win32
		{64276756-61DD-4F93-A969-35D9317995B9}.Debug|Mixed Platforms.Build.0 = Debug|Win32
		{64276756-61DD-4F93-A969-35D9317995B9}.Debug|Win32.ActiveCfg = Debug|Win32
		{64276756-61DD-4F93-A969-35D9317995B9}.Debug|Win32.Build.0 = Debug|Win32
		{64276756-61DD-4F93-A969-35D9317995B9}.Debug|x64.ActiveCfg = Debug|x64
		{64276756-61DD-4F93-A969-35D9317995B9}.Debug|x64.Build.0 = Debug|x64
		{64276756-61DD-4F93-A969-35D9317995B9}.Release|Any CPU.ActiveCfg = Release|Win32
		{64276756-61DD-4F93-A969-35D9317995B9}.Release|Mixed Platforms.ActiveCfg = Release|Win32
		{64276756-61DD-4F93-A969-35D9317995B9}.Release|Mixed Platforms.Build.0 = Release|Win32
		{64276756-61DD-4F93-A969-35D9317995B9}.Release|Win32.ActiveCfg = Release|Win32
		{64276756-61DD-4F93-A969-35D9317995B9}.Release|Win32.Build.0 = Release|Win32
		{64276756-61DD-4F93-A969-35D9317995B9}.Release|x64.ActiveCfg = Release|x64
		{64276756-61DD-4F93-A969-35D9317995B9}.Release|x64.Build.0 = Release|x64
		{64276756-61DD-4F93-A969-35D9317995B9}.RTM|Any CPU.ActiveCfg = RTM|Win32
		{64276756-61DD-4F93-A969-35D9317995B9}.RTM|Mixed Platforms.ActiveCfg = RTM|Win32
		{64276756-61DD-4F93-A969-35D9317995B9}.RTM|Mixed Platforms.Build.0 = RTM|Win32
		{64276756-61DD-4F93-A969-35D9317995B9}.RTM|Win32.ActiveCfg = RTM|Win32
		{64276756-61DD-4F93-A969-35D9317995B9}.RTM|Win32.Build.0 = RTM|Win32
		{64276756-61DD-4F93-A969-35D9317995B9}.RTM|x64.ActiveCfg = RTM|x64
		{64276756-61DD-4F93-A969-35D9317995B9}.RTM|x64.Build.0 = RTM|x64
		{36DB37FF-8C99-4F08-979D-F76D96AB2F31}.Debug|Any CPU.ActiveCfg = Debug|Win32
		{36DB37FF-8C99-4F08-979D-F76D96AB2F31}.Debug|Mixed Platforms.ActiveCfg = Debug|Win32
		{36DB37FF-8C99-4F08-979D-F76D96AB2F31}.Debug|Mixed Platforms.Build.0 = Debug|Win32
		{36DB37FF-8C99-4F08-979D-F76D96AB2F31}.Debug|Win32.ActiveCfg = Debug|Win32
		{36DB37FF-8C99-4F08-979D-F76D96AB2F31}.Debug|Win32.Build.0 = Debug|Win32
		{36DB37FF-8C99-4F08-979D-F76D96AB2F31}.Debug|x64.ActiveCfg = Debug|x64
		{36DB37FF-8C99-4F08-979D-F76D96AB2F31}.Debug|x64.Build.0 = Debug|x64
		{36DB37FF-8C99-4F08-979D-F76D96AB2F31}.Release|Any CPU.ActiveCfg = Release|Win32
		{36DB37FF-8C99-4F08-979D-F76D96AB2F31}.Release|Mixed Platforms.ActiveCfg = Release|Win32
		{36DB37FF-8C99-4F08-979D-F76D96AB2F31}.Release|Mixed Platforms.Build.0 = Release|Win32
		{36DB37FF-8C99-4F08-979D-F76D96AB2F31}.Release|Win32.ActiveCfg = Release|Win32
		{36DB37FF-8C99-4F08-979D-F76D96AB2F31}.Release|Win32.Build.0 = Release|Win32
		{36DB37FF-8C99-4F08-979D-F76D96AB2F31}.Release|x64.ActiveCfg = Release|x64
		{36DB37FF-8C99-4F08-979D-F76D96AB2F31}.Release|x64.Build.0 = Release|x64
		{36DB37FF-8C99-4F08-979D-F76D96AB2F31}.RTM|Any CPU.ActiveCfg = Release|x64
		{36DB37FF-8C99-4F08-979D-F76D96AB2F31}.RTM|Any CPU.Build.0 = Release|x64
		{36DB37FF-8C99-4F08-979D-F76D96AB2F31}.RTM|Mixed Platforms.ActiveCfg = Release|Win32
		{36DB37FF-8C99-4F08-979D-F76D96AB2F31}.RTM|Mixed Platforms.Build.0 = Release|Win32
		{36DB37FF-8C99-4F08-979D-F76D96AB2F31}.RTM|Win32.ActiveCfg = RTM|Win32
		{36DB37FF-8C99-4F08-979D-F76D96AB2F31}.RTM|Win32.Build.0 = RTM|Win32
		{36DB37FF-8C99-4F08-979D-F76D96AB2F31}.RTM|x64.ActiveCfg = RTM|x64
		{36DB37FF-8C99-4F08-979D-F76D96AB2F31}.RTM|x64.Build.0 = RTM|x64
		{EFFD9BCE-5045-465C-8E2B-4A1BECB18DF4}.Debug|Any CPU.ActiveCfg = Debug|Win32
		{EFFD9BCE-5045-465C-8E2B-4A1BECB18DF4}.Debug|Mixed Platforms.ActiveCfg = Debug|Win32
		{EFFD9BCE-5045-465C-8E2B-4A1BECB18DF4}.Debug|Mixed Platforms.Build.0 = Debug|Win32
		{EFFD9BCE-5045-465C-8E2B-4A1BECB18DF4}.Debug|Win32.ActiveCfg = Debug|Win32
		{EFFD9BCE-5045-465C-8E2B-4A1BECB18DF4}.Debug|Win32.Build.0 = Debug|Win32
		{EFFD9BCE-5045-465C-8E2B-4A1BECB18DF4}.Debug|x64.ActiveCfg = Debug|x64
		{EFFD9BCE-5045-465C-8E2B-4A1BECB18DF4}.Debug|x64.Build.0 = Debug|x64
		{EFFD9BCE-5045-465C-8E2B-4A1BECB18DF4}.Release|Any CPU.ActiveCfg = Release|Win32
		{EFFD9BCE-5045-465C-8E2B-4A1BECB18DF4}.Release|Mixed Platforms.ActiveCfg = Release|Win32
		{EFFD9BCE-5045-465C-8E2B-4A1BECB18DF4}.Release|Mixed Platforms.Build.0 = Release|Win32
		{EFFD9BCE-5045-465C-8E2B-4A1BECB18DF4}.Release|Win32.ActiveCfg = Release|Win32
		{EFFD9BCE-5045-465C-8E2B-4A1BECB18DF4}.Release|Win32.Build.0 = Release|Win32
		{EFFD9BCE-5045-465C-8E2B-4A1BECB18DF4}.Release|x64.ActiveCfg = Release|x64
		{EFFD9BCE-5045-465C-8E2B-4A1BECB18DF4}.Release|x64.Build.0 = Release|x64
		{EFFD9BCE-5045-465C-8E2B-4A1BECB18DF4}.RTM|Any CPU.ActiveCfg = Release|x64
		{EFFD9BCE-5045-465C-8E2B-4A1BECB18DF4}.RTM|Any CPU.Build.0 = Release|x64
		{EFFD9BCE-5045-465C-8E2B-4A1BECB18DF4}.RTM|Mixed Platforms.ActiveCfg = Release|Win32
		{EFFD9BCE-5045-465C-8E2B-4A1BECB18DF4}.RTM|Mixed Platforms.Build.0 = Release|Win32
		{EFFD9BCE-5045-465C-8E2B-4A1BECB18DF4}.RTM|Win32.ActiveCfg = RTM|Win32
		{EFFD9BCE-5045-465C-8E2B-4A1BECB18DF4}.RTM|Win32.Build.0 = RTM|Win32
		{EFFD9BCE-5045-465C-8E2B-4A1BECB18DF4}.RTM|x64.ActiveCfg = RTM|x64
		{EFFD9BCE-5045-465C-8E2B-4A1BECB18DF4}.RTM|x64.Build.0 = RTM|x64
		{79939123-AF29-41B6-9350-ACAE358C8984}.Debug|Any CPU.ActiveCfg = Debug|Any CPU
		{79939123-AF29-41B6-9350-ACAE358C8984}.Debug|Any CPU.Build.0 = Debug|Any CPU
		{79939123-AF29-41B6-9350-ACAE358C8984}.Debug|Mixed Platforms.ActiveCfg = Debug|Any CPU
		{79939123-AF29-41B6-9350-ACAE358C8984}.Debug|Mixed Platforms.Build.0 = Debug|Any CPU
		{79939123-AF29-41B6-9350-ACAE358C8984}.Debug|Win32.ActiveCfg = Debug|x86
		{79939123-AF29-41B6-9350-ACAE358C8984}.Debug|Win32.Build.0 = Debug|x86
		{79939123-AF29-41B6-9350-ACAE358C8984}.Debug|x64.ActiveCfg = Debug|x64
		{79939123-AF29-41B6-9350-ACAE358C8984}.Debug|x64.Build.0 = Debug|x64
		{79939123-AF29-41B6-9350-ACAE358C8984}.Release|Any CPU.ActiveCfg = Release|Any CPU
		{79939123-AF29-41B6-9350-ACAE358C8984}.Release|Any CPU.Build.0 = Release|Any CPU
		{79939123-AF29-41B6-9350-ACAE358C8984}.Release|Mixed Platforms.ActiveCfg = Release|Any CPU
		{79939123-AF29-41B6-9350-ACAE358C8984}.Release|Mixed Platforms.Build.0 = Release|Any CPU
		{79939123-AF29-41B6-9350-ACAE358C8984}.Release|Win32.ActiveCfg = Release|x86
		{79939123-AF29-41B6-9350-ACAE358C8984}.Release|Win32.Build.0 = Release|x86
		{79939123-AF29-41B6-9350-ACAE358C8984}.Release|x64.ActiveCfg = Release|x64
		{79939123-AF29-41B6-9350-ACAE358C8984}.Release|x64.Build.0 = Release|x64
		{79939123-AF29-41B6-9350-ACAE358C8984}.RTM|Any CPU.ActiveCfg = Release|Any CPU
		{79939123-AF29-41B6-9350-ACAE358C8984}.RTM|Any CPU.Build.0 = Release|Any CPU
		{79939123-AF29-41B6-9350-ACAE358C8984}.RTM|Mixed Platforms.ActiveCfg = Release|Any CPU
		{79939123-AF29-41B6-9350-ACAE358C8984}.RTM|Mixed Platforms.Build.0 = Release|Any CPU
		{79939123-AF29-41B6-9350-ACAE358C8984}.RTM|Win32.ActiveCfg = RTM|x86
		{79939123-AF29-41B6-9350-ACAE358C8984}.RTM|Win32.Build.0 = RTM|x86
		{79939123-AF29-41B6-9350-ACAE358C8984}.RTM|x64.ActiveCfg = RTM|x64
		{79939123-AF29-41B6-9350-ACAE358C8984}.RTM|x64.Build.0 = RTM|x64
		{1563BABA-52D0-473E-BD7A-2D9124137227}.Debug|Any CPU.ActiveCfg = Debug|Win32
		{1563BABA-52D0-473E-BD7A-2D9124137227}.Debug|Mixed Platforms.ActiveCfg = Debug|Win32
		{1563BABA-52D0-473E-BD7A-2D9124137227}.Debug|Mixed Platforms.Build.0 = Debug|Win32
		{1563BABA-52D0-473E-BD7A-2D9124137227}.Debug|Win32.ActiveCfg = Debug|Win32
		{1563BABA-52D0-473E-BD7A-2D9124137227}.Debug|Win32.Build.0 = Debug|Win32
		{1563BABA-52D0-473E-BD7A-2D9124137227}.Debug|x64.ActiveCfg = Debug|x64
		{1563BABA-52D0-473E-BD7A-2D9124137227}.Debug|x64.Build.0 = Debug|x64
		{1563BABA-52D0-473E-BD7A-2D9124137227}.Release|Any CPU.ActiveCfg = Release|Win32
		{1563BABA-52D0-473E-BD7A-2D9124137227}.Release|Mixed Platforms.ActiveCfg = Release|Win32
		{1563BABA-52D0-473E-BD7A-2D9124137227}.Release|Mixed Platforms.Build.0 = Release|Win32
		{1563BABA-52D0-473E-BD7A-2D9124137227}.Release|Win32.ActiveCfg = Release|Win32
		{1563BABA-52D0-473E-BD7A-2D9124137227}.Release|Win32.Build.0 = Release|Win32
		{1563BABA-52D0-473E-BD7A-2D9124137227}.Release|x64.ActiveCfg = Release|x64
		{1563BABA-52D0-473E-BD7A-2D9124137227}.Release|x64.Build.0 = Release|x64
		{1563BABA-52D0-473E-BD7A-2D9124137227}.RTM|Any CPU.ActiveCfg = RTM|Win32
		{1563BABA-52D0-473E-BD7A-2D9124137227}.RTM|Mixed Platforms.ActiveCfg = RTM|Win32
		{1563BABA-52D0-473E-BD7A-2D9124137227}.RTM|Mixed Platforms.Build.0 = RTM|Win32
		{1563BABA-52D0-473E-BD7A-2D9124137227}.RTM|Win32.ActiveCfg = RTM|Win32
		{1563BABA-52D0-473E-BD7A-2D9124137227}.RTM|Win32.Build.0 = RTM|Win32
		{1563BABA-52D0-473E-BD7A-2D9124137227}.RTM|x64.ActiveCfg = RTM|x64
		{1563BABA-52D0-473E-BD7A-2D9124137227}.RTM|x64.Build.0 = RTM|x64
	EndGlobalSection
	GlobalSection(SolutionProperties) = preSolution
		HideSolutionNode = FALSE
	EndGlobalSection
	GlobalSection(NestedProjects) = preSolution
		{47871CA9-DE7D-4BDE-9A28-4495C425BC57} = {F21DA79E-0401-40B9-9DCC-539BBDD1951E}
		{F21DA79E-0401-40B9-9DCC-539BBDD1951E} = {7590998F-FD74-42EC-B248-B528D4F7A2DC}
		{A238B177-62A9-412D-B44C-66A3E83C2CBF} = {F21DA79E-0401-40B9-9DCC-539BBDD1951E}
		{3AE42250-46E6-4E33-A58B-52DC9D337E47} = {7590998F-FD74-42EC-B248-B528D4F7A2DC}
		{D2316505-D74C-4A74-B72C-C28E1A3F5312} = {3AE42250-46E6-4E33-A58B-52DC9D337E47}
		{C4320F87-8FDE-41E3-BB96-FF4A437D0F86} = {3AE42250-46E6-4E33-A58B-52DC9D337E47}
		{5C8187F4-E94D-48DC-B91B-EC3589E5F59E} = {3AE42250-46E6-4E33-A58B-52DC9D337E47}
		{DA147196-507C-4491-A598-7D87AA5F7ABC} = {3AE42250-46E6-4E33-A58B-52DC9D337E47}
		{DB044828-EB7B-440A-BDBC-194709C08F6E} = {D55D199D-453C-44BE-B1FD-EBDA44FE3F4E}
		{277B54FA-05B7-44F6-ACB3-3CE2D6C8CDA8} = {18FEBA17-23AC-4B04-834E-255CBEAEEBE0}
		{2577E892-A40E-4E9C-831E-34195963AD06} = {18FEBA17-23AC-4B04-834E-255CBEAEEBE0}
		{3E8AF5E3-B74A-42DF-8BE9-5CEA8DE5BB0C} = {A16F75CD-8BF9-4E63-B694-D59D5EE2CA3B}
		{FBB51C49-01FF-43C6-8E8C-B1CCACA35CA9} = {3E8AF5E3-B74A-42DF-8BE9-5CEA8DE5BB0C}
		{4ED06C91-E604-4D2A-9E5C-91AF4F3E7A1F} = {3E8AF5E3-B74A-42DF-8BE9-5CEA8DE5BB0C}
		{D55D199D-453C-44BE-B1FD-EBDA44FE3F4E} = {7590998F-FD74-42EC-B248-B528D4F7A2DC}
		{F51D2160-38EB-499B-816B-BCDD0D6AAF0B} = {18FEBA17-23AC-4B04-834E-255CBEAEEBE0}
		{913934A5-0A7D-4EAF-8027-7A5127F63C11} = {3E8AF5E3-B74A-42DF-8BE9-5CEA8DE5BB0C}
		{4E825A44-AF4E-404C-A363-3FF7071EDBA8} = {F21DA79E-0401-40B9-9DCC-539BBDD1951E}
		{2FD0FF00-3E60-4837-8E68-2981A77A091B} = {D55D199D-453C-44BE-B1FD-EBDA44FE3F4E}
		{935151D5-F91A-4B9A-8B3A-B147D6D5B506} = {D55D199D-453C-44BE-B1FD-EBDA44FE3F4E}
		{B131C319-6F96-449D-85D0-BEEF9C5DF2A8} = {7590998F-FD74-42EC-B248-B528D4F7A2DC}
		{A9AE9751-365B-449A-912D-8CD7E7874569} = {B131C319-6F96-449D-85D0-BEEF9C5DF2A8}
		{4A4AB201-859E-4487-AB01-6F4FAA3BB9CF} = {7590998F-FD74-42EC-B248-B528D4F7A2DC}
		{23EAA886-9C42-4B19-B402-7D84215504F7} = {4A4AB201-859E-4487-AB01-6F4FAA3BB9CF}
		{CECBFB16-B94D-4D62-8FCD-106C98051817} = {4A4AB201-859E-4487-AB01-6F4FAA3BB9CF}
		{5D7348C5-E4D3-4B47-B1D6-7904330F9FC8} = {A16F75CD-8BF9-4E63-B694-D59D5EE2CA3B}
		{18FEBA17-23AC-4B04-834E-255CBEAEEBE0} = {A16F75CD-8BF9-4E63-B694-D59D5EE2CA3B}
		{4D732990-64B6-43CF-B1CE-0A028786F30D} = {5F1384D8-7E37-490E-99F2-3B75CC2E8ECE}
		{5F1384D8-7E37-490E-99F2-3B75CC2E8ECE} = {7590998F-FD74-42EC-B248-B528D4F7A2DC}
		{1670BF69-7CA9-4115-ADE8-4AD7B8278D2C} = {A16F75CD-8BF9-4E63-B694-D59D5EE2CA3B}
		{783BF9EA-043B-45FA-9506-5A4325873817} = {1670BF69-7CA9-4115-ADE8-4AD7B8278D2C}
		{06926D6F-B662-413E-AE72-F8AC29C3132D} = {7590998F-FD74-42EC-B248-B528D4F7A2DC}
		{1216C2F3-8429-4170-8D60-760721C911B8} = {06926D6F-B662-413E-AE72-F8AC29C3132D}
		{5BAB4B68-8003-4645-A3EA-146C5F01CCFB} = {5D7348C5-E4D3-4B47-B1D6-7904330F9FC8}
		{30C74024-7F8D-4E93-A182-B6230ED6C233} = {18FEBA17-23AC-4B04-834E-255CBEAEEBE0}
		{4DB06680-0E4E-4BCC-996E-3C6A319CE53B} = {18FEBA17-23AC-4B04-834E-255CBEAEEBE0}
		{8D640747-BEFA-48DE-B204-D2EF4FC49844} = {29698888-46F0-43B6-A354-63216F499A19}
		{ACA7BE69-A03F-49A8-9B31-56F87C9D1806} = {29698888-46F0-43B6-A354-63216F499A19}
		{BCE11266-76D9-45AE-BD70-26D5D0389E38} = {29698888-46F0-43B6-A354-63216F499A19}
		{2C52AEAE-CA61-47EB-9AC5-20E51849ABBF} = {29698888-46F0-43B6-A354-63216F499A19}
		{64276756-61DD-4F93-A969-35D9317995B9} = {29698888-46F0-43B6-A354-63216F499A19}
		{36DB37FF-8C99-4F08-979D-F76D96AB2F31} = {4A4AB201-859E-4487-AB01-6F4FAA3BB9CF}
		{EFFD9BCE-5045-465C-8E2B-4A1BECB18DF4} = {5F1384D8-7E37-490E-99F2-3B75CC2E8ECE}
		{79939123-AF29-41B6-9350-ACAE358C8984} = {06926D6F-B662-413E-AE72-F8AC29C3132D}
		{89545891-7CA9-41F7-8111-FD7E88F712A9} = {7590998F-FD74-42EC-B248-B528D4F7A2DC}
		{1563BABA-52D0-473E-BD7A-2D9124137227} = {89545891-7CA9-41F7-8111-FD7E88F712A9}
	EndGlobalSection
EndGlobal
